// !$*UTF8*$!
{
	archiveVersion = 1;
	classes = {
	};
	objectVersion = 46;
	objects = {

/* Begin PBXBuildFile section */
		38C45DA48070A61C45A6F4B8 /* Pods_TestKitchen.framework in Frameworks */ = {isa = PBXBuildFile; fileRef = E0E1F35FF8ADA574FA6E230E /* Pods_TestKitchen.framework */; };
		BC03BCE71D6E8A8400DFA302 /* FoodCourseViewController.swift in Sources */ = {isa = PBXBuildFile; fileRef = BC03BCE61D6E8A8400DFA302 /* FoodCourseViewController.swift */; };
		BC03BCE91D6E95E400DFA302 /* FoodCourseModel.swift in Sources */ = {isa = PBXBuildFile; fileRef = BC03BCE81D6E95E400DFA302 /* FoodCourseModel.swift */; };
		BC03BCEC1D6EA03B00DFA302 /* FCVideoCell.swift in Sources */ = {isa = PBXBuildFile; fileRef = BC03BCEA1D6EA03B00DFA302 /* FCVideoCell.swift */; };
		BC03BCED1D6EA03B00DFA302 /* FCVideoCell.xib in Resources */ = {isa = PBXBuildFile; fileRef = BC03BCEB1D6EA03B00DFA302 /* FCVideoCell.xib */; };
		BC273BD91D62A168008839EE /* community_normal@2x.png in Resources */ = {isa = PBXBuildFile; fileRef = BC273BC11D62A168008839EE /* community_normal@2x.png */; };
		BC273BDA1D62A168008839EE /* community_normal@3x.png in Resources */ = {isa = PBXBuildFile; fileRef = BC273BC21D62A168008839EE /* community_normal@3x.png */; };
		BC273BDB1D62A168008839EE /* community_select@2x.png in Resources */ = {isa = PBXBuildFile; fileRef = BC273BC31D62A168008839EE /* community_select@2x.png */; };
		BC273BDC1D62A168008839EE /* community_select@3x.png in Resources */ = {isa = PBXBuildFile; fileRef = BC273BC41D62A168008839EE /* community_select@3x.png */; };
		BC273BDD1D62A168008839EE /* home_normal@2x.png in Resources */ = {isa = PBXBuildFile; fileRef = BC273BC51D62A168008839EE /* home_normal@2x.png */; };
		BC273BDE1D62A168008839EE /* home_normal@3x.png in Resources */ = {isa = PBXBuildFile; fileRef = BC273BC61D62A168008839EE /* home_normal@3x.png */; };
		BC273BDF1D62A168008839EE /* home_select@2x.png in Resources */ = {isa = PBXBuildFile; fileRef = BC273BC71D62A168008839EE /* home_select@2x.png */; };
		BC273BE01D62A168008839EE /* home_select@3x.png in Resources */ = {isa = PBXBuildFile; fileRef = BC273BC81D62A168008839EE /* home_select@3x.png */; };
		BC273BE11D62A168008839EE /* mine_normal@2x.png in Resources */ = {isa = PBXBuildFile; fileRef = BC273BC91D62A168008839EE /* mine_normal@2x.png */; };
		BC273BE21D62A168008839EE /* mine_normal@3x.png in Resources */ = {isa = PBXBuildFile; fileRef = BC273BCA1D62A168008839EE /* mine_normal@3x.png */; };
		BC273BE31D62A168008839EE /* mine_select@2x.png in Resources */ = {isa = PBXBuildFile; fileRef = BC273BCB1D62A168008839EE /* mine_select@2x.png */; };
		BC273BE41D62A168008839EE /* mine_select@3x.png in Resources */ = {isa = PBXBuildFile; fileRef = BC273BCC1D62A168008839EE /* mine_select@3x.png */; };
		BC273BE51D62A168008839EE /* report_normal@2x.png in Resources */ = {isa = PBXBuildFile; fileRef = BC273BCD1D62A168008839EE /* report_normal@2x.png */; };
		BC273BE61D62A168008839EE /* report_normal@3x.png in Resources */ = {isa = PBXBuildFile; fileRef = BC273BCE1D62A168008839EE /* report_normal@3x.png */; };
		BC273BE71D62A168008839EE /* report_select@2x.png in Resources */ = {isa = PBXBuildFile; fileRef = BC273BCF1D62A168008839EE /* report_select@2x.png */; };
		BC273BE81D62A168008839EE /* report_select@3x.png in Resources */ = {isa = PBXBuildFile; fileRef = BC273BD01D62A168008839EE /* report_select@3x.png */; };
		BC273BE91D62A168008839EE /* shike_normal@2x.png in Resources */ = {isa = PBXBuildFile; fileRef = BC273BD11D62A168008839EE /* shike_normal@2x.png */; };
		BC273BEA1D62A168008839EE /* shike_normal@3x.png in Resources */ = {isa = PBXBuildFile; fileRef = BC273BD21D62A168008839EE /* shike_normal@3x.png */; };
		BC273BEB1D62A168008839EE /* shike_select@2x.png in Resources */ = {isa = PBXBuildFile; fileRef = BC273BD31D62A168008839EE /* shike_select@2x.png */; };
		BC273BEC1D62A168008839EE /* shike_select@3x.png in Resources */ = {isa = PBXBuildFile; fileRef = BC273BD41D62A168008839EE /* shike_select@3x.png */; };
		BC273BED1D62A168008839EE /* shop_normal@2x.png in Resources */ = {isa = PBXBuildFile; fileRef = BC273BD51D62A168008839EE /* shop_normal@2x.png */; };
		BC273BEE1D62A168008839EE /* shop_normal@3x.png in Resources */ = {isa = PBXBuildFile; fileRef = BC273BD61D62A168008839EE /* shop_normal@3x.png */; };
		BC273BEF1D62A168008839EE /* shop_select@2x.png in Resources */ = {isa = PBXBuildFile; fileRef = BC273BD71D62A168008839EE /* shop_select@2x.png */; };
		BC273BF01D62A168008839EE /* shop_select@3x.png in Resources */ = {isa = PBXBuildFile; fileRef = BC273BD81D62A168008839EE /* shop_select@3x.png */; };
		BC273BF21D62A855008839EE /* Const.swift in Sources */ = {isa = PBXBuildFile; fileRef = BC273BF11D62A855008839EE /* Const.swift */; };
		BC273C021D62B9AC008839EE /* LaunchImage-700-568h@2x.png in Resources */ = {isa = PBXBuildFile; fileRef = BC273BF41D62B9AC008839EE /* LaunchImage-700-568h@2x.png */; };
		BC273C031D62B9AC008839EE /* LaunchImage-700@2x.png in Resources */ = {isa = PBXBuildFile; fileRef = BC273BF51D62B9AC008839EE /* LaunchImage-700@2x.png */; };
		BC273C041D62B9AC008839EE /* LaunchImage-800-667h@2x.png in Resources */ = {isa = PBXBuildFile; fileRef = BC273BF61D62B9AC008839EE /* LaunchImage-800-667h@2x.png */; };
		BC273C051D62B9AC008839EE /* LaunchImage-800-Landscape-736h@3x.png in Resources */ = {isa = PBXBuildFile; fileRef = BC273BF71D62B9AC008839EE /* LaunchImage-800-Landscape-736h@3x.png */; };
		BC273C061D62B9AC008839EE /* LaunchImage-800-Portrait-736h@3x.png in Resources */ = {isa = PBXBuildFile; fileRef = BC273BF81D62B9AC008839EE /* LaunchImage-800-Portrait-736h@3x.png */; };
		BC273C071D62B9AC008839EE /* nav_back_black.png in Resources */ = {isa = PBXBuildFile; fileRef = BC273BFA1D62B9AC008839EE /* nav_back_black.png */; };
		BC273C081D62B9AC008839EE /* nav_back_white.png in Resources */ = {isa = PBXBuildFile; fileRef = BC273BFB1D62B9AC008839EE /* nav_back_white.png */; };
		BC273C091D62B9AC008839EE /* navBar.png in Resources */ = {isa = PBXBuildFile; fileRef = BC273BFC1D62B9AC008839EE /* navBar.png */; };
		BC273C0A1D62B9AC008839EE /* navBtn_bag.png in Resources */ = {isa = PBXBuildFile; fileRef = BC273BFD1D62B9AC008839EE /* navBtn_bag.png */; };
		BC273C0B1D62B9AC008839EE /* saoyisao@2x.png in Resources */ = {isa = PBXBuildFile; fileRef = BC273BFE1D62B9AC008839EE /* saoyisao@2x.png */; };
		BC273C0C1D62B9AC008839EE /* saoyisao@3x.png in Resources */ = {isa = PBXBuildFile; fileRef = BC273BFF1D62B9AC008839EE /* saoyisao@3x.png */; };
		BC273C0D1D62B9AC008839EE /* search@2x.png in Resources */ = {isa = PBXBuildFile; fileRef = BC273C001D62B9AC008839EE /* search@2x.png */; };
		BC273C0E1D62B9AC008839EE /* search@3x.png in Resources */ = {isa = PBXBuildFile; fileRef = BC273C011D62B9AC008839EE /* search@3x.png */; };
		BC273C101D62BD88008839EE /* KTCDownloader.swift in Sources */ = {isa = PBXBuildFile; fileRef = BC273C0F1D62BD88008839EE /* KTCDownloader.swift */; };
		BC273C161D62C670008839EE /* CBRecommendModel.swift in Sources */ = {isa = PBXBuildFile; fileRef = BC273C151D62C670008839EE /* CBRecommendModel.swift */; };
		BC7061741D654B9B00046459 /* Util.swift in Sources */ = {isa = PBXBuildFile; fileRef = BC7061731D654B9B00046459 /* Util.swift */; };
		BC7061761D655ADF00046459 /* CBSearchHeaderView.swift in Sources */ = {isa = PBXBuildFile; fileRef = BC7061751D655ADF00046459 /* CBSearchHeaderView.swift */; };
		BC7061791D65632500046459 /* CBRedPacketCell.swift in Sources */ = {isa = PBXBuildFile; fileRef = BC7061771D65632500046459 /* CBRedPacketCell.swift */; };
		BC70617A1D65632500046459 /* CBRedPacketCell.xib in Resources */ = {isa = PBXBuildFile; fileRef = BC7061781D65632500046459 /* CBRedPacketCell.xib */; };
		BC92EE1A1D6BDAB4003E6094 /* CBSubjectCell.swift in Sources */ = {isa = PBXBuildFile; fileRef = BC92EE181D6BDAB4003E6094 /* CBSubjectCell.swift */; };
		BC92EE1B1D6BDAB4003E6094 /* CBSubjectCell.xib in Resources */ = {isa = PBXBuildFile; fileRef = BC92EE191D6BDAB4003E6094 /* CBSubjectCell.xib */; };
		BC92EE211D6BEA3C003E6094 /* CBMaterialModel.swift in Sources */ = {isa = PBXBuildFile; fileRef = BC92EE201D6BEA3C003E6094 /* CBMaterialModel.swift */; };
		BC92EE231D6BF6F7003E6094 /* CBMaterialView.swift in Sources */ = {isa = PBXBuildFile; fileRef = BC92EE221D6BF6F7003E6094 /* CBMaterialView.swift */; };
		BC92EE251D6BFC51003E6094 /* KTCSegmentCtrl.swift in Sources */ = {isa = PBXBuildFile; fileRef = BC92EE241D6BFC51003E6094 /* KTCSegmentCtrl.swift */; };
		BCADC0051D63FBA20086605C /* CBRecommendView.swift in Sources */ = {isa = PBXBuildFile; fileRef = BCADC0041D63FBA20086605C /* CBRecommendView.swift */; };
		BCADC0081D63FF490086605C /* CBRecommendADCell.swift in Sources */ = {isa = PBXBuildFile; fileRef = BCADC0061D63FF490086605C /* CBRecommendADCell.swift */; };
		BCADC0091D63FF490086605C /* CBRecommendADCell.xib in Resources */ = {isa = PBXBuildFile; fileRef = BCADC0071D63FF490086605C /* CBRecommendADCell.xib */; };
		BCADC00B1D6407F90086605C /* UIImageView+Util.swift in Sources */ = {isa = PBXBuildFile; fileRef = BCADC00A1D6407F90086605C /* UIImageView+Util.swift */; };
		BCADC00E1D640A2E0086605C /* sdefaultImage.png in Resources */ = {isa = PBXBuildFile; fileRef = BCADC00D1D640A2E0086605C /* sdefaultImage.png */; };
		BCADC0111D6417480086605C /* CBRecommendLikeCell.swift in Sources */ = {isa = PBXBuildFile; fileRef = BCADC00F1D6417480086605C /* CBRecommendLikeCell.swift */; };
		BCADC0121D6417480086605C /* CBRecommendLikeCell.xib in Resources */ = {isa = PBXBuildFile; fileRef = BCADC0101D6417480086605C /* CBRecommendLikeCell.xib */; };
		BCBA83AD1D6FCF0C001573EB /* FCCourseCell.swift in Sources */ = {isa = PBXBuildFile; fileRef = BCBA83AB1D6FCF0C001573EB /* FCCourseCell.swift */; };
		BCBA83AE1D6FCF0C001573EB /* FCCourseCell.xib in Resources */ = {isa = PBXBuildFile; fileRef = BCBA83AC1D6FCF0C001573EB /* FCCourseCell.xib */; };
		BCBA83B01D6FDB04001573EB /* FCSerialCell.swift in Sources */ = {isa = PBXBuildFile; fileRef = BCBA83AF1D6FDB04001573EB /* FCSerialCell.swift */; };
		BCBA83B41D6FF236001573EB /* pull@3x.png in Resources */ = {isa = PBXBuildFile; fileRef = BCBA83B21D6FF236001573EB /* pull@3x.png */; };
		BCBA83B51D6FF236001573EB /* push@3x.png in Resources */ = {isa = PBXBuildFile; fileRef = BCBA83B31D6FF236001573EB /* push@3x.png */; };
		BCBA83B71D701973001573EB /* FCComment.swift in Sources */ = {isa = PBXBuildFile; fileRef = BCBA83B61D701973001573EB /* FCComment.swift */; };
		BCBA83B91D702096001573EB /* 举报.png in Resources */ = {isa = PBXBuildFile; fileRef = BCBA83B81D702096001573EB /* 举报.png */; };
		BCBA83BC1D7020C7001573EB /* FCCommentCell.swift in Sources */ = {isa = PBXBuildFile; fileRef = BCBA83BA1D7020C7001573EB /* FCCommentCell.swift */; };
		BCBA83BD1D7020C7001573EB /* FCCommentCell.xib in Resources */ = {isa = PBXBuildFile; fileRef = BCBA83BB1D7020C7001573EB /* FCCommentCell.xib */; };
		BCBA83BF1D702E2D001573EB /* KTCHomeViewController.swift in Sources */ = {isa = PBXBuildFile; fileRef = BCBA83BE1D702E2D001573EB /* KTCHomeViewController.swift */; };
		BCCA1CA11D6D3B000031F7C1 /* CBMaterialCell.swift in Sources */ = {isa = PBXBuildFile; fileRef = BCCA1CA01D6D3B000031F7C1 /* CBMaterialCell.swift */; };
		BCCF323B1D6A9057009A9EB8 /* CBSenceCell.swift in Sources */ = {isa = PBXBuildFile; fileRef = BCCF32391D6A9057009A9EB8 /* CBSenceCell.swift */; };
		BCCF323C1D6A9057009A9EB8 /* CBSenceCell.xib in Resources */ = {isa = PBXBuildFile; fileRef = BCCF323A1D6A9057009A9EB8 /* CBSenceCell.xib */; };
		BCCF323F1D6A9769009A9EB8 /* CBTalentCell.swift in Sources */ = {isa = PBXBuildFile; fileRef = BCCF323D1D6A9769009A9EB8 /* CBTalentCell.swift */; };
		BCCF32401D6A9769009A9EB8 /* CBTalentCell.xib in Resources */ = {isa = PBXBuildFile; fileRef = BCCF323E1D6A9769009A9EB8 /* CBTalentCell.xib */; };
		BCCF32431D6AA60D009A9EB8 /* CBWorksCell.swift in Sources */ = {isa = PBXBuildFile; fileRef = BCCF32411D6AA60D009A9EB8 /* CBWorksCell.swift */; };
		BCCF32441D6AA60D009A9EB8 /* CBWorksCell.xib in Resources */ = {isa = PBXBuildFile; fileRef = BCCF32421D6AA60D009A9EB8 /* CBWorksCell.xib */; };
		BCEF65F91D6151AB00B35037 /* AppDelegate.swift in Sources */ = {isa = PBXBuildFile; fileRef = BCEF65F81D6151AB00B35037 /* AppDelegate.swift */; };
		BCEF65FB1D6151AB00B35037 /* ViewController.swift in Sources */ = {isa = PBXBuildFile; fileRef = BCEF65FA1D6151AB00B35037 /* ViewController.swift */; };
		BCEF65FE1D6151AB00B35037 /* Main.storyboard in Resources */ = {isa = PBXBuildFile; fileRef = BCEF65FC1D6151AB00B35037 /* Main.storyboard */; };
		BCEF66001D6151AB00B35037 /* Assets.xcassets in Resources */ = {isa = PBXBuildFile; fileRef = BCEF65FF1D6151AB00B35037 /* Assets.xcassets */; };
		BCEF66031D6151AB00B35037 /* LaunchScreen.storyboard in Resources */ = {isa = PBXBuildFile; fileRef = BCEF66011D6151AB00B35037 /* LaunchScreen.storyboard */; };
		BCEF660E1D6151AB00B35037 /* TestKitchenTests.swift in Sources */ = {isa = PBXBuildFile; fileRef = BCEF660D1D6151AB00B35037 /* TestKitchenTests.swift */; };
		BCEF66191D6151AB00B35037 /* TestKitchenUITests.swift in Sources */ = {isa = PBXBuildFile; fileRef = BCEF66181D6151AB00B35037 /* TestKitchenUITests.swift */; };
		BCEF66541D61554000B35037 /* AppIcon29x29@2x.png in Resources */ = {isa = PBXBuildFile; fileRef = BCEF66481D61554000B35037 /* AppIcon29x29@2x.png */; };
		BCEF66551D61554000B35037 /* AppIcon29x29@3x.png in Resources */ = {isa = PBXBuildFile; fileRef = BCEF66491D61554000B35037 /* AppIcon29x29@3x.png */; };
		BCEF66561D61554000B35037 /* AppIcon40x40@2x.png in Resources */ = {isa = PBXBuildFile; fileRef = BCEF664A1D61554000B35037 /* AppIcon40x40@2x.png */; };
		BCEF66571D61554000B35037 /* AppIcon40x40@3x.png in Resources */ = {isa = PBXBuildFile; fileRef = BCEF664B1D61554000B35037 /* AppIcon40x40@3x.png */; };
		BCEF66581D61554000B35037 /* AppIcon60x60@2x.png in Resources */ = {isa = PBXBuildFile; fileRef = BCEF664C1D61554000B35037 /* AppIcon60x60@2x.png */; };
		BCEF66591D61554000B35037 /* AppIcon60x60@3x.png in Resources */ = {isa = PBXBuildFile; fileRef = BCEF664D1D61554000B35037 /* AppIcon60x60@3x.png */; };
		BCEF66601D615A7F00B35037 /* MainTabBarController.swift in Sources */ = {isa = PBXBuildFile; fileRef = BCEF665F1D615A7F00B35037 /* MainTabBarController.swift */; };
		BCEF66621D615AB900B35037 /* BaseViewController.swift in Sources */ = {isa = PBXBuildFile; fileRef = BCEF66611D615AB900B35037 /* BaseViewController.swift */; };
		BCEF66641D615B0400B35037 /* CookBookViewController.swift in Sources */ = {isa = PBXBuildFile; fileRef = BCEF66631D615B0400B35037 /* CookBookViewController.swift */; };
		BCEF66661D615B2E00B35037 /* CommunityViewController.swift in Sources */ = {isa = PBXBuildFile; fileRef = BCEF66651D615B2E00B35037 /* CommunityViewController.swift */; };
		BCEF66681D615B6500B35037 /* MallViewController.swift in Sources */ = {isa = PBXBuildFile; fileRef = BCEF66671D615B6500B35037 /* MallViewController.swift */; };
		BCEF666A1D615BA000B35037 /* FoodClassViewController.swift in Sources */ = {isa = PBXBuildFile; fileRef = BCEF66691D615BA000B35037 /* FoodClassViewController.swift */; };
		BCEF666C1D615BBD00B35037 /* ProfileViewController.swift in Sources */ = {isa = PBXBuildFile; fileRef = BCEF666B1D615BBD00B35037 /* ProfileViewController.swift */; };
		BCEF666E1D61642000B35037 /* Ctrl.json in Resources */ = {isa = PBXBuildFile; fileRef = BCEF666D1D61642000B35037 /* Ctrl.json */; };
		BCEF66701D61730F00B35037 /* UIView+Util.swift in Sources */ = {isa = PBXBuildFile; fileRef = BCEF666F1D61730F00B35037 /* UIView+Util.swift */; };
		BCEF66721D6173C500B35037 /* UILabel+Util.swift in Sources */ = {isa = PBXBuildFile; fileRef = BCEF66711D6173C500B35037 /* UILabel+Util.swift */; };
		BCEF66741D61751800B35037 /* UIButton+Util.swift in Sources */ = {isa = PBXBuildFile; fileRef = BCEF66731D61751800B35037 /* UIButton+Util.swift */; };
		BCF80B0B1D669437001CA55B /* CBRecommendNewCell.swift in Sources */ = {isa = PBXBuildFile; fileRef = BCF80B091D669437001CA55B /* CBRecommendNewCell.swift */; };
		BCF80B0C1D669437001CA55B /* CBRecommendNewCell.xib in Resources */ = {isa = PBXBuildFile; fileRef = BCF80B0A1D669437001CA55B /* CBRecommendNewCell.xib */; };
		BCF80B111D669986001CA55B /* play-A@2x.png in Resources */ = {isa = PBXBuildFile; fileRef = BCF80B0F1D669986001CA55B /* play-A@2x.png */; };
		BCF80B121D669986001CA55B /* play-A@3x.png in Resources */ = {isa = PBXBuildFile; fileRef = BCF80B101D669986001CA55B /* play-A@3x.png */; };
		BCF80B141D66AB02001CA55B /* CBHeaderView.swift in Sources */ = {isa = PBXBuildFile; fileRef = BCF80B131D66AB02001CA55B /* CBHeaderView.swift */; };
		BCF80B161D66ADEF001CA55B /* more_icon.png in Resources */ = {isa = PBXBuildFile; fileRef = BCF80B151D66ADEF001CA55B /* more_icon.png */; };
		BCF80B191D66B160001CA55B /* CBSpecialCell.swift in Sources */ = {isa = PBXBuildFile; fileRef = BCF80B171D66B160001CA55B /* CBSpecialCell.swift */; };
		BCF80B1A1D66B160001CA55B /* CBSpecialCell.xib in Resources */ = {isa = PBXBuildFile; fileRef = BCF80B181D66B160001CA55B /* CBSpecialCell.xib */; };
/* End PBXBuildFile section */

/* Begin PBXContainerItemProxy section */
		BCEF660A1D6151AB00B35037 /* PBXContainerItemProxy */ = {
			isa = PBXContainerItemProxy;
			containerPortal = BCEF65ED1D6151AB00B35037 /* Project object */;
			proxyType = 1;
			remoteGlobalIDString = BCEF65F41D6151AB00B35037;
			remoteInfo = TestKitchen;
		};
		BCEF66151D6151AB00B35037 /* PBXContainerItemProxy */ = {
			isa = PBXContainerItemProxy;
			containerPortal = BCEF65ED1D6151AB00B35037 /* Project object */;
			proxyType = 1;
			remoteGlobalIDString = BCEF65F41D6151AB00B35037;
			remoteInfo = TestKitchen;
		};
/* End PBXContainerItemProxy section */

/* Begin PBXFileReference section */
		63E26E2A3D8AE05CEF857A8E /* Pods-TestKitchen.release.xcconfig */ = {isa = PBXFileReference; includeInIndex = 1; lastKnownFileType = text.xcconfig; name = "Pods-TestKitchen.release.xcconfig"; path = "Pods/Target Support Files/Pods-TestKitchen/Pods-TestKitchen.release.xcconfig"; sourceTree = "<group>"; };
		BC03BCE61D6E8A8400DFA302 /* FoodCourseViewController.swift */ = {isa = PBXFileReference; fileEncoding = 4; lastKnownFileType = sourcecode.swift; path = FoodCourseViewController.swift; sourceTree = "<group>"; };
		BC03BCE81D6E95E400DFA302 /* FoodCourseModel.swift */ = {isa = PBXFileReference; fileEncoding = 4; lastKnownFileType = sourcecode.swift; path = FoodCourseModel.swift; sourceTree = "<group>"; };
		BC03BCEA1D6EA03B00DFA302 /* FCVideoCell.swift */ = {isa = PBXFileReference; fileEncoding = 4; lastKnownFileType = sourcecode.swift; path = FCVideoCell.swift; sourceTree = "<group>"; };
		BC03BCEB1D6EA03B00DFA302 /* FCVideoCell.xib */ = {isa = PBXFileReference; fileEncoding = 4; lastKnownFileType = file.xib; path = FCVideoCell.xib; sourceTree = "<group>"; };
		BC273BC11D62A168008839EE /* community_normal@2x.png */ = {isa = PBXFileReference; lastKnownFileType = image.png; path = "community_normal@2x.png"; sourceTree = "<group>"; };
		BC273BC21D62A168008839EE /* community_normal@3x.png */ = {isa = PBXFileReference; lastKnownFileType = image.png; path = "community_normal@3x.png"; sourceTree = "<group>"; };
		BC273BC31D62A168008839EE /* community_select@2x.png */ = {isa = PBXFileReference; lastKnownFileType = image.png; path = "community_select@2x.png"; sourceTree = "<group>"; };
		BC273BC41D62A168008839EE /* community_select@3x.png */ = {isa = PBXFileReference; lastKnownFileType = image.png; path = "community_select@3x.png"; sourceTree = "<group>"; };
		BC273BC51D62A168008839EE /* home_normal@2x.png */ = {isa = PBXFileReference; lastKnownFileType = image.png; path = "home_normal@2x.png"; sourceTree = "<group>"; };
		BC273BC61D62A168008839EE /* home_normal@3x.png */ = {isa = PBXFileReference; lastKnownFileType = image.png; path = "home_normal@3x.png"; sourceTree = "<group>"; };
		BC273BC71D62A168008839EE /* home_select@2x.png */ = {isa = PBXFileReference; lastKnownFileType = image.png; path = "home_select@2x.png"; sourceTree = "<group>"; };
		BC273BC81D62A168008839EE /* home_select@3x.png */ = {isa = PBXFileReference; lastKnownFileType = image.png; path = "home_select@3x.png"; sourceTree = "<group>"; };
		BC273BC91D62A168008839EE /* mine_normal@2x.png */ = {isa = PBXFileReference; lastKnownFileType = image.png; path = "mine_normal@2x.png"; sourceTree = "<group>"; };
		BC273BCA1D62A168008839EE /* mine_normal@3x.png */ = {isa = PBXFileReference; lastKnownFileType = image.png; path = "mine_normal@3x.png"; sourceTree = "<group>"; };
		BC273BCB1D62A168008839EE /* mine_select@2x.png */ = {isa = PBXFileReference; lastKnownFileType = image.png; path = "mine_select@2x.png"; sourceTree = "<group>"; };
		BC273BCC1D62A168008839EE /* mine_select@3x.png */ = {isa = PBXFileReference; lastKnownFileType = image.png; path = "mine_select@3x.png"; sourceTree = "<group>"; };
		BC273BCD1D62A168008839EE /* report_normal@2x.png */ = {isa = PBXFileReference; lastKnownFileType = image.png; path = "report_normal@2x.png"; sourceTree = "<group>"; };
		BC273BCE1D62A168008839EE /* report_normal@3x.png */ = {isa = PBXFileReference; lastKnownFileType = image.png; path = "report_normal@3x.png"; sourceTree = "<group>"; };
		BC273BCF1D62A168008839EE /* report_select@2x.png */ = {isa = PBXFileReference; lastKnownFileType = image.png; path = "report_select@2x.png"; sourceTree = "<group>"; };
		BC273BD01D62A168008839EE /* report_select@3x.png */ = {isa = PBXFileReference; lastKnownFileType = image.png; path = "report_select@3x.png"; sourceTree = "<group>"; };
		BC273BD11D62A168008839EE /* shike_normal@2x.png */ = {isa = PBXFileReference; lastKnownFileType = image.png; path = "shike_normal@2x.png"; sourceTree = "<group>"; };
		BC273BD21D62A168008839EE /* shike_normal@3x.png */ = {isa = PBXFileReference; lastKnownFileType = image.png; path = "shike_normal@3x.png"; sourceTree = "<group>"; };
		BC273BD31D62A168008839EE /* shike_select@2x.png */ = {isa = PBXFileReference; lastKnownFileType = image.png; path = "shike_select@2x.png"; sourceTree = "<group>"; };
		BC273BD41D62A168008839EE /* shike_select@3x.png */ = {isa = PBXFileReference; lastKnownFileType = image.png; path = "shike_select@3x.png"; sourceTree = "<group>"; };
		BC273BD51D62A168008839EE /* shop_normal@2x.png */ = {isa = PBXFileReference; lastKnownFileType = image.png; path = "shop_normal@2x.png"; sourceTree = "<group>"; };
		BC273BD61D62A168008839EE /* shop_normal@3x.png */ = {isa = PBXFileReference; lastKnownFileType = image.png; path = "shop_normal@3x.png"; sourceTree = "<group>"; };
		BC273BD71D62A168008839EE /* shop_select@2x.png */ = {isa = PBXFileReference; lastKnownFileType = image.png; path = "shop_select@2x.png"; sourceTree = "<group>"; };
		BC273BD81D62A168008839EE /* shop_select@3x.png */ = {isa = PBXFileReference; lastKnownFileType = image.png; path = "shop_select@3x.png"; sourceTree = "<group>"; };
		BC273BF11D62A855008839EE /* Const.swift */ = {isa = PBXFileReference; fileEncoding = 4; lastKnownFileType = sourcecode.swift; path = Const.swift; sourceTree = "<group>"; };
		BC273BF41D62B9AC008839EE /* LaunchImage-700-568h@2x.png */ = {isa = PBXFileReference; lastKnownFileType = image.png; path = "LaunchImage-700-568h@2x.png"; sourceTree = "<group>"; };
		BC273BF51D62B9AC008839EE /* LaunchImage-700@2x.png */ = {isa = PBXFileReference; lastKnownFileType = image.png; path = "LaunchImage-700@2x.png"; sourceTree = "<group>"; };
		BC273BF61D62B9AC008839EE /* LaunchImage-800-667h@2x.png */ = {isa = PBXFileReference; lastKnownFileType = image.png; path = "LaunchImage-800-667h@2x.png"; sourceTree = "<group>"; };
		BC273BF71D62B9AC008839EE /* LaunchImage-800-Landscape-736h@3x.png */ = {isa = PBXFileReference; lastKnownFileType = image.png; path = "LaunchImage-800-Landscape-736h@3x.png"; sourceTree = "<group>"; };
		BC273BF81D62B9AC008839EE /* LaunchImage-800-Portrait-736h@3x.png */ = {isa = PBXFileReference; lastKnownFileType = image.png; path = "LaunchImage-800-Portrait-736h@3x.png"; sourceTree = "<group>"; };
		BC273BFA1D62B9AC008839EE /* nav_back_black.png */ = {isa = PBXFileReference; lastKnownFileType = image.png; path = nav_back_black.png; sourceTree = "<group>"; };
		BC273BFB1D62B9AC008839EE /* nav_back_white.png */ = {isa = PBXFileReference; lastKnownFileType = image.png; path = nav_back_white.png; sourceTree = "<group>"; };
		BC273BFC1D62B9AC008839EE /* navBar.png */ = {isa = PBXFileReference; lastKnownFileType = image.png; path = navBar.png; sourceTree = "<group>"; };
		BC273BFD1D62B9AC008839EE /* navBtn_bag.png */ = {isa = PBXFileReference; lastKnownFileType = image.png; path = navBtn_bag.png; sourceTree = "<group>"; };
		BC273BFE1D62B9AC008839EE /* saoyisao@2x.png */ = {isa = PBXFileReference; lastKnownFileType = image.png; path = "saoyisao@2x.png"; sourceTree = "<group>"; };
		BC273BFF1D62B9AC008839EE /* saoyisao@3x.png */ = {isa = PBXFileReference; lastKnownFileType = image.png; path = "saoyisao@3x.png"; sourceTree = "<group>"; };
		BC273C001D62B9AC008839EE /* search@2x.png */ = {isa = PBXFileReference; lastKnownFileType = image.png; path = "search@2x.png"; sourceTree = "<group>"; };
		BC273C011D62B9AC008839EE /* search@3x.png */ = {isa = PBXFileReference; lastKnownFileType = image.png; path = "search@3x.png"; sourceTree = "<group>"; };
		BC273C0F1D62BD88008839EE /* KTCDownloader.swift */ = {isa = PBXFileReference; fileEncoding = 4; lastKnownFileType = sourcecode.swift; path = KTCDownloader.swift; sourceTree = "<group>"; };
		BC273C151D62C670008839EE /* CBRecommendModel.swift */ = {isa = PBXFileReference; fileEncoding = 4; lastKnownFileType = sourcecode.swift; path = CBRecommendModel.swift; sourceTree = "<group>"; };
		BC7061731D654B9B00046459 /* Util.swift */ = {isa = PBXFileReference; fileEncoding = 4; lastKnownFileType = sourcecode.swift; path = Util.swift; sourceTree = "<group>"; };
		BC7061751D655ADF00046459 /* CBSearchHeaderView.swift */ = {isa = PBXFileReference; fileEncoding = 4; lastKnownFileType = sourcecode.swift; path = CBSearchHeaderView.swift; sourceTree = "<group>"; };
		BC7061771D65632500046459 /* CBRedPacketCell.swift */ = {isa = PBXFileReference; fileEncoding = 4; lastKnownFileType = sourcecode.swift; path = CBRedPacketCell.swift; sourceTree = "<group>"; };
		BC7061781D65632500046459 /* CBRedPacketCell.xib */ = {isa = PBXFileReference; fileEncoding = 4; lastKnownFileType = file.xib; path = CBRedPacketCell.xib; sourceTree = "<group>"; };
		BC92EE181D6BDAB4003E6094 /* CBSubjectCell.swift */ = {isa = PBXFileReference; fileEncoding = 4; lastKnownFileType = sourcecode.swift; path = CBSubjectCell.swift; sourceTree = "<group>"; };
		BC92EE191D6BDAB4003E6094 /* CBSubjectCell.xib */ = {isa = PBXFileReference; fileEncoding = 4; lastKnownFileType = file.xib; path = CBSubjectCell.xib; sourceTree = "<group>"; };
		BC92EE201D6BEA3C003E6094 /* CBMaterialModel.swift */ = {isa = PBXFileReference; fileEncoding = 4; lastKnownFileType = sourcecode.swift; path = CBMaterialModel.swift; sourceTree = "<group>"; };
		BC92EE221D6BF6F7003E6094 /* CBMaterialView.swift */ = {isa = PBXFileReference; fileEncoding = 4; lastKnownFileType = sourcecode.swift; path = CBMaterialView.swift; sourceTree = "<group>"; };
		BC92EE241D6BFC51003E6094 /* KTCSegmentCtrl.swift */ = {isa = PBXFileReference; fileEncoding = 4; lastKnownFileType = sourcecode.swift; path = KTCSegmentCtrl.swift; sourceTree = "<group>"; };
		BCADC0041D63FBA20086605C /* CBRecommendView.swift */ = {isa = PBXFileReference; fileEncoding = 4; lastKnownFileType = sourcecode.swift; name = CBRecommendView.swift; path = ../model/CBRecommendView.swift; sourceTree = "<group>"; };
		BCADC0061D63FF490086605C /* CBRecommendADCell.swift */ = {isa = PBXFileReference; fileEncoding = 4; lastKnownFileType = sourcecode.swift; path = CBRecommendADCell.swift; sourceTree = "<group>"; };
		BCADC0071D63FF490086605C /* CBRecommendADCell.xib */ = {isa = PBXFileReference; fileEncoding = 4; lastKnownFileType = file.xib; path = CBRecommendADCell.xib; sourceTree = "<group>"; };
		BCADC00A1D6407F90086605C /* UIImageView+Util.swift */ = {isa = PBXFileReference; fileEncoding = 4; lastKnownFileType = sourcecode.swift; path = "UIImageView+Util.swift"; sourceTree = "<group>"; };
		BCADC00D1D640A2E0086605C /* sdefaultImage.png */ = {isa = PBXFileReference; lastKnownFileType = image.png; path = sdefaultImage.png; sourceTree = "<group>"; };
		BCADC00F1D6417480086605C /* CBRecommendLikeCell.swift */ = {isa = PBXFileReference; fileEncoding = 4; lastKnownFileType = sourcecode.swift; path = CBRecommendLikeCell.swift; sourceTree = "<group>"; };
		BCADC0101D6417480086605C /* CBRecommendLikeCell.xib */ = {isa = PBXFileReference; fileEncoding = 4; lastKnownFileType = file.xib; path = CBRecommendLikeCell.xib; sourceTree = "<group>"; };
		BCBA83AB1D6FCF0C001573EB /* FCCourseCell.swift */ = {isa = PBXFileReference; fileEncoding = 4; lastKnownFileType = sourcecode.swift; path = FCCourseCell.swift; sourceTree = "<group>"; };
		BCBA83AC1D6FCF0C001573EB /* FCCourseCell.xib */ = {isa = PBXFileReference; fileEncoding = 4; lastKnownFileType = file.xib; path = FCCourseCell.xib; sourceTree = "<group>"; };
		BCBA83AF1D6FDB04001573EB /* FCSerialCell.swift */ = {isa = PBXFileReference; fileEncoding = 4; lastKnownFileType = sourcecode.swift; path = FCSerialCell.swift; sourceTree = "<group>"; };
		BCBA83B21D6FF236001573EB /* pull@3x.png */ = {isa = PBXFileReference; lastKnownFileType = image.png; path = "pull@3x.png"; sourceTree = "<group>"; };
		BCBA83B31D6FF236001573EB /* push@3x.png */ = {isa = PBXFileReference; lastKnownFileType = image.png; path = "push@3x.png"; sourceTree = "<group>"; };
		BCBA83B61D701973001573EB /* FCComment.swift */ = {isa = PBXFileReference; fileEncoding = 4; lastKnownFileType = sourcecode.swift; path = FCComment.swift; sourceTree = "<group>"; };
		BCBA83B81D702096001573EB /* 举报.png */ = {isa = PBXFileReference; lastKnownFileType = image.png; path = "举报.png"; sourceTree = "<group>"; };
		BCBA83BA1D7020C7001573EB /* FCCommentCell.swift */ = {isa = PBXFileReference; fileEncoding = 4; lastKnownFileType = sourcecode.swift; path = FCCommentCell.swift; sourceTree = "<group>"; };
		BCBA83BB1D7020C7001573EB /* FCCommentCell.xib */ = {isa = PBXFileReference; fileEncoding = 4; lastKnownFileType = file.xib; path = FCCommentCell.xib; sourceTree = "<group>"; };
		BCBA83BE1D702E2D001573EB /* KTCHomeViewController.swift */ = {isa = PBXFileReference; fileEncoding = 4; lastKnownFileType = sourcecode.swift; path = KTCHomeViewController.swift; sourceTree = "<group>"; };
		BCCA1CA01D6D3B000031F7C1 /* CBMaterialCell.swift */ = {isa = PBXFileReference; fileEncoding = 4; lastKnownFileType = sourcecode.swift; path = CBMaterialCell.swift; sourceTree = "<group>"; };
		BCCF32391D6A9057009A9EB8 /* CBSenceCell.swift */ = {isa = PBXFileReference; fileEncoding = 4; lastKnownFileType = sourcecode.swift; path = CBSenceCell.swift; sourceTree = "<group>"; };
		BCCF323A1D6A9057009A9EB8 /* CBSenceCell.xib */ = {isa = PBXFileReference; fileEncoding = 4; lastKnownFileType = file.xib; path = CBSenceCell.xib; sourceTree = "<group>"; };
		BCCF323D1D6A9769009A9EB8 /* CBTalentCell.swift */ = {isa = PBXFileReference; fileEncoding = 4; lastKnownFileType = sourcecode.swift; path = CBTalentCell.swift; sourceTree = "<group>"; };
		BCCF323E1D6A9769009A9EB8 /* CBTalentCell.xib */ = {isa = PBXFileReference; fileEncoding = 4; lastKnownFileType = file.xib; path = CBTalentCell.xib; sourceTree = "<group>"; };
		BCCF32411D6AA60D009A9EB8 /* CBWorksCell.swift */ = {isa = PBXFileReference; fileEncoding = 4; lastKnownFileType = sourcecode.swift; path = CBWorksCell.swift; sourceTree = "<group>"; };
		BCCF32421D6AA60D009A9EB8 /* CBWorksCell.xib */ = {isa = PBXFileReference; fileEncoding = 4; lastKnownFileType = file.xib; path = CBWorksCell.xib; sourceTree = "<group>"; };
		BCEF65F51D6151AB00B35037 /* TestKitchen.app */ = {isa = PBXFileReference; explicitFileType = wrapper.application; includeInIndex = 0; path = TestKitchen.app; sourceTree = BUILT_PRODUCTS_DIR; };
		BCEF65F81D6151AB00B35037 /* AppDelegate.swift */ = {isa = PBXFileReference; lastKnownFileType = sourcecode.swift; path = AppDelegate.swift; sourceTree = "<group>"; };
		BCEF65FA1D6151AB00B35037 /* ViewController.swift */ = {isa = PBXFileReference; lastKnownFileType = sourcecode.swift; path = ViewController.swift; sourceTree = "<group>"; };
		BCEF65FD1D6151AB00B35037 /* Base */ = {isa = PBXFileReference; lastKnownFileType = file.storyboard; name = Base; path = Base.lproj/Main.storyboard; sourceTree = "<group>"; };
		BCEF65FF1D6151AB00B35037 /* Assets.xcassets */ = {isa = PBXFileReference; lastKnownFileType = folder.assetcatalog; path = Assets.xcassets; sourceTree = "<group>"; };
		BCEF66021D6151AB00B35037 /* Base */ = {isa = PBXFileReference; lastKnownFileType = file.storyboard; name = Base; path = Base.lproj/LaunchScreen.storyboard; sourceTree = "<group>"; };
		BCEF66041D6151AB00B35037 /* Info.plist */ = {isa = PBXFileReference; lastKnownFileType = text.plist.xml; path = Info.plist; sourceTree = "<group>"; };
		BCEF66091D6151AB00B35037 /* TestKitchenTests.xctest */ = {isa = PBXFileReference; explicitFileType = wrapper.cfbundle; includeInIndex = 0; path = TestKitchenTests.xctest; sourceTree = BUILT_PRODUCTS_DIR; };
		BCEF660D1D6151AB00B35037 /* TestKitchenTests.swift */ = {isa = PBXFileReference; lastKnownFileType = sourcecode.swift; path = TestKitchenTests.swift; sourceTree = "<group>"; };
		BCEF660F1D6151AB00B35037 /* Info.plist */ = {isa = PBXFileReference; lastKnownFileType = text.plist.xml; path = Info.plist; sourceTree = "<group>"; };
		BCEF66141D6151AB00B35037 /* TestKitchenUITests.xctest */ = {isa = PBXFileReference; explicitFileType = wrapper.cfbundle; includeInIndex = 0; path = TestKitchenUITests.xctest; sourceTree = BUILT_PRODUCTS_DIR; };
		BCEF66181D6151AB00B35037 /* TestKitchenUITests.swift */ = {isa = PBXFileReference; lastKnownFileType = sourcecode.swift; path = TestKitchenUITests.swift; sourceTree = "<group>"; };
		BCEF661A1D6151AB00B35037 /* Info.plist */ = {isa = PBXFileReference; lastKnownFileType = text.plist.xml; path = Info.plist; sourceTree = "<group>"; };
		BCEF66481D61554000B35037 /* AppIcon29x29@2x.png */ = {isa = PBXFileReference; lastKnownFileType = image.png; path = "AppIcon29x29@2x.png"; sourceTree = "<group>"; };
		BCEF66491D61554000B35037 /* AppIcon29x29@3x.png */ = {isa = PBXFileReference; lastKnownFileType = image.png; path = "AppIcon29x29@3x.png"; sourceTree = "<group>"; };
		BCEF664A1D61554000B35037 /* AppIcon40x40@2x.png */ = {isa = PBXFileReference; lastKnownFileType = image.png; path = "AppIcon40x40@2x.png"; sourceTree = "<group>"; };
		BCEF664B1D61554000B35037 /* AppIcon40x40@3x.png */ = {isa = PBXFileReference; lastKnownFileType = image.png; path = "AppIcon40x40@3x.png"; sourceTree = "<group>"; };
		BCEF664C1D61554000B35037 /* AppIcon60x60@2x.png */ = {isa = PBXFileReference; lastKnownFileType = image.png; path = "AppIcon60x60@2x.png"; sourceTree = "<group>"; };
		BCEF664D1D61554000B35037 /* AppIcon60x60@3x.png */ = {isa = PBXFileReference; lastKnownFileType = image.png; path = "AppIcon60x60@3x.png"; sourceTree = "<group>"; };
		BCEF665F1D615A7F00B35037 /* MainTabBarController.swift */ = {isa = PBXFileReference; fileEncoding = 4; lastKnownFileType = sourcecode.swift; path = MainTabBarController.swift; sourceTree = "<group>"; };
		BCEF66611D615AB900B35037 /* BaseViewController.swift */ = {isa = PBXFileReference; fileEncoding = 4; lastKnownFileType = sourcecode.swift; name = BaseViewController.swift; path = ../community/homePage/BaseViewController.swift; sourceTree = "<group>"; };
		BCEF66631D615B0400B35037 /* CookBookViewController.swift */ = {isa = PBXFileReference; fileEncoding = 4; lastKnownFileType = sourcecode.swift; name = CookBookViewController.swift; path = ../../../community/homePage/CookBookViewController.swift; sourceTree = "<group>"; };
		BCEF66651D615B2E00B35037 /* CommunityViewController.swift */ = {isa = PBXFileReference; fileEncoding = 4; lastKnownFileType = sourcecode.swift; path = CommunityViewController.swift; sourceTree = "<group>"; };
		BCEF66671D615B6500B35037 /* MallViewController.swift */ = {isa = PBXFileReference; fileEncoding = 4; lastKnownFileType = sourcecode.swift; path = MallViewController.swift; sourceTree = "<group>"; };
		BCEF66691D615BA000B35037 /* FoodClassViewController.swift */ = {isa = PBXFileReference; fileEncoding = 4; lastKnownFileType = sourcecode.swift; path = FoodClassViewController.swift; sourceTree = "<group>"; };
		BCEF666B1D615BBD00B35037 /* ProfileViewController.swift */ = {isa = PBXFileReference; fileEncoding = 4; lastKnownFileType = sourcecode.swift; path = ProfileViewController.swift; sourceTree = "<group>"; };
		BCEF666D1D61642000B35037 /* Ctrl.json */ = {isa = PBXFileReference; fileEncoding = 4; lastKnownFileType = text.json; path = Ctrl.json; sourceTree = "<group>"; };
		BCEF666F1D61730F00B35037 /* UIView+Util.swift */ = {isa = PBXFileReference; fileEncoding = 4; lastKnownFileType = sourcecode.swift; path = "UIView+Util.swift"; sourceTree = "<group>"; };
		BCEF66711D6173C500B35037 /* UILabel+Util.swift */ = {isa = PBXFileReference; fileEncoding = 4; lastKnownFileType = sourcecode.swift; path = "UILabel+Util.swift"; sourceTree = "<group>"; };
		BCEF66731D61751800B35037 /* UIButton+Util.swift */ = {isa = PBXFileReference; fileEncoding = 4; lastKnownFileType = sourcecode.swift; path = "UIButton+Util.swift"; sourceTree = "<group>"; };
		BCF80B091D669437001CA55B /* CBRecommendNewCell.swift */ = {isa = PBXFileReference; fileEncoding = 4; lastKnownFileType = sourcecode.swift; path = CBRecommendNewCell.swift; sourceTree = "<group>"; };
		BCF80B0A1D669437001CA55B /* CBRecommendNewCell.xib */ = {isa = PBXFileReference; fileEncoding = 4; lastKnownFileType = file.xib; path = CBRecommendNewCell.xib; sourceTree = "<group>"; };
		BCF80B0F1D669986001CA55B /* play-A@2x.png */ = {isa = PBXFileReference; lastKnownFileType = image.png; path = "play-A@2x.png"; sourceTree = "<group>"; };
		BCF80B101D669986001CA55B /* play-A@3x.png */ = {isa = PBXFileReference; lastKnownFileType = image.png; path = "play-A@3x.png"; sourceTree = "<group>"; };
		BCF80B131D66AB02001CA55B /* CBHeaderView.swift */ = {isa = PBXFileReference; fileEncoding = 4; lastKnownFileType = sourcecode.swift; path = CBHeaderView.swift; sourceTree = "<group>"; };
		BCF80B151D66ADEF001CA55B /* more_icon.png */ = {isa = PBXFileReference; lastKnownFileType = image.png; path = more_icon.png; sourceTree = "<group>"; };
		BCF80B171D66B160001CA55B /* CBSpecialCell.swift */ = {isa = PBXFileReference; fileEncoding = 4; lastKnownFileType = sourcecode.swift; path = CBSpecialCell.swift; sourceTree = "<group>"; };
		BCF80B181D66B160001CA55B /* CBSpecialCell.xib */ = {isa = PBXFileReference; fileEncoding = 4; lastKnownFileType = file.xib; path = CBSpecialCell.xib; sourceTree = "<group>"; };
		C429922F5A4899EE648E6379 /* Pods-TestKitchen.debug.xcconfig */ = {isa = PBXFileReference; includeInIndex = 1; lastKnownFileType = text.xcconfig; name = "Pods-TestKitchen.debug.xcconfig"; path = "Pods/Target Support Files/Pods-TestKitchen/Pods-TestKitchen.debug.xcconfig"; sourceTree = "<group>"; };
		E0E1F35FF8ADA574FA6E230E /* Pods_TestKitchen.framework */ = {isa = PBXFileReference; explicitFileType = wrapper.framework; includeInIndex = 0; path = Pods_TestKitchen.framework; sourceTree = BUILT_PRODUCTS_DIR; };
/* End PBXFileReference section */

/* Begin PBXFrameworksBuildPhase section */
		BCEF65F21D6151AB00B35037 /* Frameworks */ = {
			isa = PBXFrameworksBuildPhase;
			buildActionMask = 2147483647;
			files = (
				38C45DA48070A61C45A6F4B8 /* Pods_TestKitchen.framework in Frameworks */,
			);
			runOnlyForDeploymentPostprocessing = 0;
		};
		BCEF66061D6151AB00B35037 /* Frameworks */ = {
			isa = PBXFrameworksBuildPhase;
			buildActionMask = 2147483647;
			files = (
			);
			runOnlyForDeploymentPostprocessing = 0;
		};
		BCEF66111D6151AB00B35037 /* Frameworks */ = {
			isa = PBXFrameworksBuildPhase;
			buildActionMask = 2147483647;
			files = (
			);
			runOnlyForDeploymentPostprocessing = 0;
		};
/* End PBXFrameworksBuildPhase section */

/* Begin PBXGroup section */
		23D5207D4368CDEF5FA2A8AF /* Frameworks */ = {
			isa = PBXGroup;
			children = (
				E0E1F35FF8ADA574FA6E230E /* Pods_TestKitchen.framework */,
			);
			name = Frameworks;
			sourceTree = "<group>";
		};
		8B8E313EEEB7C539F2013F61 /* Pods */ = {
			isa = PBXGroup;
			children = (
				C429922F5A4899EE648E6379 /* Pods-TestKitchen.debug.xcconfig */,
				63E26E2A3D8AE05CEF857A8E /* Pods-TestKitchen.release.xcconfig */,
			);
			name = Pods;
			sourceTree = "<group>";
		};
		BC03BCE21D6E8A1300DFA302 /* foodCourse */ = {
			isa = PBXGroup;
			children = (
				BC03BCE31D6E8A1300DFA302 /* controller */,
				BC03BCE41D6E8A1300DFA302 /* model */,
				BC03BCE51D6E8A1300DFA302 /* view */,
			);
			path = foodCourse;
			sourceTree = "<group>";
		};
		BC03BCE31D6E8A1300DFA302 /* controller */ = {
			isa = PBXGroup;
			children = (
				BC03BCE61D6E8A8400DFA302 /* FoodCourseViewController.swift */,
			);
			path = controller;
			sourceTree = "<group>";
		};
		BC03BCE41D6E8A1300DFA302 /* model */ = {
			isa = PBXGroup;
			children = (
				BC03BCE81D6E95E400DFA302 /* FoodCourseModel.swift */,
				BCBA83B61D701973001573EB /* FCComment.swift */,
			);
			path = model;
			sourceTree = "<group>";
		};
		BC03BCE51D6E8A1300DFA302 /* view */ = {
			isa = PBXGroup;
			children = (
				BC03BCEA1D6EA03B00DFA302 /* FCVideoCell.swift */,
				BC03BCEB1D6EA03B00DFA302 /* FCVideoCell.xib */,
				BCBA83AB1D6FCF0C001573EB /* FCCourseCell.swift */,
				BCBA83AC1D6FCF0C001573EB /* FCCourseCell.xib */,
				BCBA83AF1D6FDB04001573EB /* FCSerialCell.swift */,
				BCBA83BA1D7020C7001573EB /* FCCommentCell.swift */,
				BCBA83BB1D7020C7001573EB /* FCCommentCell.xib */,
			);
			path = view;
			sourceTree = "<group>";
		};
		BC273BC01D62A168008839EE /* tabbar */ = {
			isa = PBXGroup;
			children = (
				BC273BC11D62A168008839EE /* community_normal@2x.png */,
				BC273BC21D62A168008839EE /* community_normal@3x.png */,
				BC273BC31D62A168008839EE /* community_select@2x.png */,
				BC273BC41D62A168008839EE /* community_select@3x.png */,
				BC273BC51D62A168008839EE /* home_normal@2x.png */,
				BC273BC61D62A168008839EE /* home_normal@3x.png */,
				BC273BC71D62A168008839EE /* home_select@2x.png */,
				BC273BC81D62A168008839EE /* home_select@3x.png */,
				BC273BC91D62A168008839EE /* mine_normal@2x.png */,
				BC273BCA1D62A168008839EE /* mine_normal@3x.png */,
				BC273BCB1D62A168008839EE /* mine_select@2x.png */,
				BC273BCC1D62A168008839EE /* mine_select@3x.png */,
				BC273BCD1D62A168008839EE /* report_normal@2x.png */,
				BC273BCE1D62A168008839EE /* report_normal@3x.png */,
				BC273BCF1D62A168008839EE /* report_select@2x.png */,
				BC273BD01D62A168008839EE /* report_select@3x.png */,
				BC273BD11D62A168008839EE /* shike_normal@2x.png */,
				BC273BD21D62A168008839EE /* shike_normal@3x.png */,
				BC273BD31D62A168008839EE /* shike_select@2x.png */,
				BC273BD41D62A168008839EE /* shike_select@3x.png */,
				BC273BD51D62A168008839EE /* shop_normal@2x.png */,
				BC273BD61D62A168008839EE /* shop_normal@3x.png */,
				BC273BD71D62A168008839EE /* shop_select@2x.png */,
				BC273BD81D62A168008839EE /* shop_select@3x.png */,
			);
			path = tabbar;
			sourceTree = "<group>";
		};
		BC273BF31D62B9AC008839EE /* launchImages */ = {
			isa = PBXGroup;
			children = (
				BC273BF41D62B9AC008839EE /* LaunchImage-700-568h@2x.png */,
				BC273BF51D62B9AC008839EE /* LaunchImage-700@2x.png */,
				BC273BF61D62B9AC008839EE /* LaunchImage-800-667h@2x.png */,
				BC273BF71D62B9AC008839EE /* LaunchImage-800-Landscape-736h@3x.png */,
				BC273BF81D62B9AC008839EE /* LaunchImage-800-Portrait-736h@3x.png */,
			);
			path = launchImages;
			sourceTree = "<group>";
		};
		BC273BF91D62B9AC008839EE /* nav */ = {
			isa = PBXGroup;
			children = (
				BC273BFA1D62B9AC008839EE /* nav_back_black.png */,
				BC273BFB1D62B9AC008839EE /* nav_back_white.png */,
				BC273BFC1D62B9AC008839EE /* navBar.png */,
				BC273BFD1D62B9AC008839EE /* navBtn_bag.png */,
				BC273BFE1D62B9AC008839EE /* saoyisao@2x.png */,
				BC273BFF1D62B9AC008839EE /* saoyisao@3x.png */,
				BC273C001D62B9AC008839EE /* search@2x.png */,
				BC273C011D62B9AC008839EE /* search@3x.png */,
			);
			path = nav;
			sourceTree = "<group>";
		};
		BC273C111D62C61A008839EE /* recommend */ = {
			isa = PBXGroup;
			children = (
				BC273C121D62C61A008839EE /* controller */,
				BC273C131D62C61A008839EE /* model */,
				BC273C141D62C61A008839EE /* view */,
			);
			path = recommend;
			sourceTree = "<group>";
		};
		BC273C121D62C61A008839EE /* controller */ = {
			isa = PBXGroup;
			children = (
			);
			path = controller;
			sourceTree = "<group>";
		};
		BC273C131D62C61A008839EE /* model */ = {
			isa = PBXGroup;
			children = (
				BC273C151D62C670008839EE /* CBRecommendModel.swift */,
			);
			path = model;
			sourceTree = "<group>";
		};
		BC273C141D62C61A008839EE /* view */ = {
			isa = PBXGroup;
			children = (
				BCADC0041D63FBA20086605C /* CBRecommendView.swift */,
				BCADC0061D63FF490086605C /* CBRecommendADCell.swift */,
				BCADC0071D63FF490086605C /* CBRecommendADCell.xib */,
				BCADC00F1D6417480086605C /* CBRecommendLikeCell.swift */,
				BCADC0101D6417480086605C /* CBRecommendLikeCell.xib */,
				BC7061751D655ADF00046459 /* CBSearchHeaderView.swift */,
				BC7061771D65632500046459 /* CBRedPacketCell.swift */,
				BC7061781D65632500046459 /* CBRedPacketCell.xib */,
				BCF80B091D669437001CA55B /* CBRecommendNewCell.swift */,
				BCF80B0A1D669437001CA55B /* CBRecommendNewCell.xib */,
				BCF80B131D66AB02001CA55B /* CBHeaderView.swift */,
				BCF80B171D66B160001CA55B /* CBSpecialCell.swift */,
				BCF80B181D66B160001CA55B /* CBSpecialCell.xib */,
				BCCF32391D6A9057009A9EB8 /* CBSenceCell.swift */,
				BCCF323A1D6A9057009A9EB8 /* CBSenceCell.xib */,
				BCCF323D1D6A9769009A9EB8 /* CBTalentCell.swift */,
				BCCF323E1D6A9769009A9EB8 /* CBTalentCell.xib */,
				BCCF32411D6AA60D009A9EB8 /* CBWorksCell.swift */,
				BCCF32421D6AA60D009A9EB8 /* CBWorksCell.xib */,
				BC92EE181D6BDAB4003E6094 /* CBSubjectCell.swift */,
				BC92EE191D6BDAB4003E6094 /* CBSubjectCell.xib */,
			);
			path = view;
			sourceTree = "<group>";
		};
		BC92EE1C1D6BEA13003E6094 /* foodMaterial */ = {
			isa = PBXGroup;
			children = (
				BC92EE1D1D6BEA13003E6094 /* controller */,
				BC92EE1E1D6BEA13003E6094 /* model */,
				BC92EE1F1D6BEA13003E6094 /* view */,
			);
			path = foodMaterial;
			sourceTree = "<group>";
		};
		BC92EE1D1D6BEA13003E6094 /* controller */ = {
			isa = PBXGroup;
			children = (
			);
			path = controller;
			sourceTree = "<group>";
		};
		BC92EE1E1D6BEA13003E6094 /* model */ = {
			isa = PBXGroup;
			children = (
				BC92EE201D6BEA3C003E6094 /* CBMaterialModel.swift */,
			);
			path = model;
			sourceTree = "<group>";
		};
		BC92EE1F1D6BEA13003E6094 /* view */ = {
			isa = PBXGroup;
			children = (
				BC92EE221D6BF6F7003E6094 /* CBMaterialView.swift */,
				BCCA1CA01D6D3B000031F7C1 /* CBMaterialCell.swift */,
			);
			path = view;
			sourceTree = "<group>";
		};
		BCADC00C1D640A2E0086605C /* common */ = {
			isa = PBXGroup;
			children = (
				BCADC00D1D640A2E0086605C /* sdefaultImage.png */,
			);
			path = common;
			sourceTree = "<group>";
		};
		BCBA83B11D6FF236001573EB /* foodCourse */ = {
			isa = PBXGroup;
			children = (
				BCBA83B81D702096001573EB /* 举报.png */,
				BCBA83B21D6FF236001573EB /* pull@3x.png */,
				BCBA83B31D6FF236001573EB /* push@3x.png */,
			);
			path = foodCourse;
			sourceTree = "<group>";
		};
		BCEF65EC1D6151AB00B35037 = {
			isa = PBXGroup;
			children = (
				BCEF65F71D6151AB00B35037 /* TestKitchen */,
				BCEF660C1D6151AB00B35037 /* TestKitchenTests */,
				BCEF66171D6151AB00B35037 /* TestKitchenUITests */,
				BCEF65F61D6151AB00B35037 /* Products */,
				8B8E313EEEB7C539F2013F61 /* Pods */,
				23D5207D4368CDEF5FA2A8AF /* Frameworks */,
			);
			sourceTree = "<group>";
		};
		BCEF65F61D6151AB00B35037 /* Products */ = {
			isa = PBXGroup;
			children = (
				BCEF65F51D6151AB00B35037 /* TestKitchen.app */,
				BCEF66091D6151AB00B35037 /* TestKitchenTests.xctest */,
				BCEF66141D6151AB00B35037 /* TestKitchenUITests.xctest */,
			);
			name = Products;
			sourceTree = "<group>";
		};
		BCEF65F71D6151AB00B35037 /* TestKitchen */ = {
			isa = PBXGroup;
			children = (
				BCEF66261D6153ED00B35037 /* classes */,
				BCEF66461D6153ED00B35037 /* resources */,
				BCEF65F81D6151AB00B35037 /* AppDelegate.swift */,
				BCEF65FA1D6151AB00B35037 /* ViewController.swift */,
				BCEF65FC1D6151AB00B35037 /* Main.storyboard */,
				BCEF65FF1D6151AB00B35037 /* Assets.xcassets */,
				BCEF66011D6151AB00B35037 /* LaunchScreen.storyboard */,
				BCEF66041D6151AB00B35037 /* Info.plist */,
			);
			path = TestKitchen;
			sourceTree = "<group>";
		};
		BCEF660C1D6151AB00B35037 /* TestKitchenTests */ = {
			isa = PBXGroup;
			children = (
				BCEF660D1D6151AB00B35037 /* TestKitchenTests.swift */,
				BCEF660F1D6151AB00B35037 /* Info.plist */,
			);
			path = TestKitchenTests;
			sourceTree = "<group>";
		};
		BCEF66171D6151AB00B35037 /* TestKitchenUITests */ = {
			isa = PBXGroup;
			children = (
				BCEF66181D6151AB00B35037 /* TestKitchenUITests.swift */,
				BCEF661A1D6151AB00B35037 /* Info.plist */,
			);
			path = TestKitchenUITests;
			sourceTree = "<group>";
		};
		BCEF66261D6153ED00B35037 /* classes */ = {
			isa = PBXGroup;
			children = (
				BCEF66271D6153ED00B35037 /* common */,
				BCEF662C1D6153ED00B35037 /* community */,
				BCEF66311D6153ED00B35037 /* cookbook */,
				BCEF66361D6153ED00B35037 /* foodclass */,
				BCEF663B1D6153ED00B35037 /* mall */,
				BCEF66401D6153ED00B35037 /* profile */,
				BCEF66451D6153ED00B35037 /* thirdParty */,
			);
			path = classes;
			sourceTree = "<group>";
		};
		BCEF66271D6153ED00B35037 /* common */ = {
			isa = PBXGroup;
			children = (
				BCEF665F1D615A7F00B35037 /* MainTabBarController.swift */,
				BC273BF11D62A855008839EE /* Const.swift */,
				BCEF66611D615AB900B35037 /* BaseViewController.swift */,
				BCEF666D1D61642000B35037 /* Ctrl.json */,
				BCEF666F1D61730F00B35037 /* UIView+Util.swift */,
				BCEF66711D6173C500B35037 /* UILabel+Util.swift */,
				BCEF66731D61751800B35037 /* UIButton+Util.swift */,
				BC273C0F1D62BD88008839EE /* KTCDownloader.swift */,
				BCADC00A1D6407F90086605C /* UIImageView+Util.swift */,
				BC7061731D654B9B00046459 /* Util.swift */,
				BC92EE241D6BFC51003E6094 /* KTCSegmentCtrl.swift */,
				BCBA83BE1D702E2D001573EB /* KTCHomeViewController.swift */,
			);
			path = common;
			sourceTree = "<group>";
		};
		BCEF662C1D6153ED00B35037 /* community */ = {
			isa = PBXGroup;
			children = (
				BCEF662D1D6153ED00B35037 /* homePage */,
			);
			path = community;
			sourceTree = "<group>";
		};
		BCEF662D1D6153ED00B35037 /* homePage */ = {
			isa = PBXGroup;
			children = (
				BCEF662E1D6153ED00B35037 /* controller */,
				BCEF662F1D6153ED00B35037 /* model */,
				BCEF66301D6153ED00B35037 /* view */,
			);
			path = homePage;
			sourceTree = "<group>";
		};
		BCEF662E1D6153ED00B35037 /* controller */ = {
			isa = PBXGroup;
			children = (
				BCEF66651D615B2E00B35037 /* CommunityViewController.swift */,
			);
			path = controller;
			sourceTree = "<group>";
		};
		BCEF662F1D6153ED00B35037 /* model */ = {
			isa = PBXGroup;
			children = (
			);
			path = model;
			sourceTree = "<group>";
		};
		BCEF66301D6153ED00B35037 /* view */ = {
			isa = PBXGroup;
			children = (
			);
			path = view;
			sourceTree = "<group>";
		};
		BCEF66311D6153ED00B35037 /* cookbook */ = {
			isa = PBXGroup;
			children = (
				BC03BCE21D6E8A1300DFA302 /* foodCourse */,
				BC92EE1C1D6BEA13003E6094 /* foodMaterial */,
				BC273C111D62C61A008839EE /* recommend */,
				BCEF66321D6153ED00B35037 /* homePage */,
			);
			path = cookbook;
			sourceTree = "<group>";
		};
		BCEF66321D6153ED00B35037 /* homePage */ = {
			isa = PBXGroup;
			children = (
				BCEF66331D6153ED00B35037 /* controller */,
				BCEF66341D6153ED00B35037 /* model */,
				BCEF66351D6153ED00B35037 /* view */,
			);
			path = homePage;
			sourceTree = "<group>";
		};
		BCEF66331D6153ED00B35037 /* controller */ = {
			isa = PBXGroup;
			children = (
				BCEF66631D615B0400B35037 /* CookBookViewController.swift */,
			);
			path = controller;
			sourceTree = "<group>";
		};
		BCEF66341D6153ED00B35037 /* model */ = {
			isa = PBXGroup;
			children = (
			);
			path = model;
			sourceTree = "<group>";
		};
		BCEF66351D6153ED00B35037 /* view */ = {
			isa = PBXGroup;
			children = (
			);
			path = view;
			sourceTree = "<group>";
		};
		BCEF66361D6153ED00B35037 /* foodclass */ = {
			isa = PBXGroup;
			children = (
				BCEF66371D6153ED00B35037 /* homePage */,
			);
			path = foodclass;
			sourceTree = "<group>";
		};
		BCEF66371D6153ED00B35037 /* homePage */ = {
			isa = PBXGroup;
			children = (
				BCEF66381D6153ED00B35037 /* controller */,
				BCEF66391D6153ED00B35037 /* model */,
				BCEF663A1D6153ED00B35037 /* view */,
			);
			path = homePage;
			sourceTree = "<group>";
		};
		BCEF66381D6153ED00B35037 /* controller */ = {
			isa = PBXGroup;
			children = (
				BCEF66691D615BA000B35037 /* FoodClassViewController.swift */,
			);
			path = controller;
			sourceTree = "<group>";
		};
		BCEF66391D6153ED00B35037 /* model */ = {
			isa = PBXGroup;
			children = (
			);
			path = model;
			sourceTree = "<group>";
		};
		BCEF663A1D6153ED00B35037 /* view */ = {
			isa = PBXGroup;
			children = (
			);
			path = view;
			sourceTree = "<group>";
		};
		BCEF663B1D6153ED00B35037 /* mall */ = {
			isa = PBXGroup;
			children = (
				BCEF663C1D6153ED00B35037 /* homePage */,
			);
			path = mall;
			sourceTree = "<group>";
		};
		BCEF663C1D6153ED00B35037 /* homePage */ = {
			isa = PBXGroup;
			children = (
				BCEF663D1D6153ED00B35037 /* controller */,
				BCEF663E1D6153ED00B35037 /* model */,
				BCEF663F1D6153ED00B35037 /* view */,
			);
			path = homePage;
			sourceTree = "<group>";
		};
		BCEF663D1D6153ED00B35037 /* controller */ = {
			isa = PBXGroup;
			children = (
				BCEF66671D615B6500B35037 /* MallViewController.swift */,
			);
			path = controller;
			sourceTree = "<group>";
		};
		BCEF663E1D6153ED00B35037 /* model */ = {
			isa = PBXGroup;
			children = (
			);
			path = model;
			sourceTree = "<group>";
		};
		BCEF663F1D6153ED00B35037 /* view */ = {
			isa = PBXGroup;
			children = (
			);
			path = view;
			sourceTree = "<group>";
		};
		BCEF66401D6153ED00B35037 /* profile */ = {
			isa = PBXGroup;
			children = (
				BCEF66411D6153ED00B35037 /* homePage */,
			);
			path = profile;
			sourceTree = "<group>";
		};
		BCEF66411D6153ED00B35037 /* homePage */ = {
			isa = PBXGroup;
			children = (
				BCEF66421D6153ED00B35037 /* controller */,
				BCEF66431D6153ED00B35037 /* model */,
				BCEF66441D6153ED00B35037 /* view */,
			);
			path = homePage;
			sourceTree = "<group>";
		};
		BCEF66421D6153ED00B35037 /* controller */ = {
			isa = PBXGroup;
			children = (
				BCEF666B1D615BBD00B35037 /* ProfileViewController.swift */,
			);
			path = controller;
			sourceTree = "<group>";
		};
		BCEF66431D6153ED00B35037 /* model */ = {
			isa = PBXGroup;
			children = (
			);
			path = model;
			sourceTree = "<group>";
		};
		BCEF66441D6153ED00B35037 /* view */ = {
			isa = PBXGroup;
			children = (
			);
			path = view;
			sourceTree = "<group>";
		};
		BCEF66451D6153ED00B35037 /* thirdParty */ = {
			isa = PBXGroup;
			children = (
			);
			path = thirdParty;
			sourceTree = "<group>";
		};
		BCEF66461D6153ED00B35037 /* resources */ = {
			isa = PBXGroup;
			children = (
				BCF80B0D1D669986001CA55B /* cookbook */,
				BCADC00C1D640A2E0086605C /* common */,
				BC273BF31D62B9AC008839EE /* launchImages */,
				BC273BF91D62B9AC008839EE /* nav */,
				BC273BC01D62A168008839EE /* tabbar */,
				BCEF66471D61554000B35037 /* AppIcon */,
			);
			path = resources;
			sourceTree = "<group>";
		};
		BCEF66471D61554000B35037 /* AppIcon */ = {
			isa = PBXGroup;
			children = (
				BCEF66481D61554000B35037 /* AppIcon29x29@2x.png */,
				BCEF66491D61554000B35037 /* AppIcon29x29@3x.png */,
				BCEF664A1D61554000B35037 /* AppIcon40x40@2x.png */,
				BCEF664B1D61554000B35037 /* AppIcon40x40@3x.png */,
				BCEF664C1D61554000B35037 /* AppIcon60x60@2x.png */,
				BCEF664D1D61554000B35037 /* AppIcon60x60@3x.png */,
			);
			path = AppIcon;
			sourceTree = "<group>";
		};
		BCF80B0D1D669986001CA55B /* cookbook */ = {
			isa = PBXGroup;
			children = (
				BCBA83B11D6FF236001573EB /* foodCourse */,
				BCF80B0E1D669986001CA55B /* homePage */,
			);
			path = cookbook;
			sourceTree = "<group>";
		};
		BCF80B0E1D669986001CA55B /* homePage */ = {
			isa = PBXGroup;
			children = (
				BCF80B151D66ADEF001CA55B /* more_icon.png */,
				BCF80B0F1D669986001CA55B /* play-A@2x.png */,
				BCF80B101D669986001CA55B /* play-A@3x.png */,
			);
			path = homePage;
			sourceTree = "<group>";
		};
/* End PBXGroup section */

/* Begin PBXNativeTarget section */
		BCEF65F41D6151AB00B35037 /* TestKitchen */ = {
			isa = PBXNativeTarget;
			buildConfigurationList = BCEF661D1D6151AB00B35037 /* Build configuration list for PBXNativeTarget "TestKitchen" */;
			buildPhases = (
				A6AE453531458971F6E8B255 /* [CP] Check Pods Manifest.lock */,
				BCEF65F11D6151AB00B35037 /* Sources */,
				BCEF65F21D6151AB00B35037 /* Frameworks */,
				BCEF65F31D6151AB00B35037 /* Resources */,
				AD8699DF703E7A81B8E420A7 /* [CP] Embed Pods Frameworks */,
				9FB08F7E3C06F295D17CC075 /* [CP] Copy Pods Resources */,
			);
			buildRules = (
			);
			dependencies = (
			);
			name = TestKitchen;
			productName = TestKitchen;
			productReference = BCEF65F51D6151AB00B35037 /* TestKitchen.app */;
			productType = "com.apple.product-type.application";
		};
		BCEF66081D6151AB00B35037 /* TestKitchenTests */ = {
			isa = PBXNativeTarget;
			buildConfigurationList = BCEF66201D6151AB00B35037 /* Build configuration list for PBXNativeTarget "TestKitchenTests" */;
			buildPhases = (
				BCEF66051D6151AB00B35037 /* Sources */,
				BCEF66061D6151AB00B35037 /* Frameworks */,
				BCEF66071D6151AB00B35037 /* Resources */,
			);
			buildRules = (
			);
			dependencies = (
				BCEF660B1D6151AB00B35037 /* PBXTargetDependency */,
			);
			name = TestKitchenTests;
			productName = TestKitchenTests;
			productReference = BCEF66091D6151AB00B35037 /* TestKitchenTests.xctest */;
			productType = "com.apple.product-type.bundle.unit-test";
		};
		BCEF66131D6151AB00B35037 /* TestKitchenUITests */ = {
			isa = PBXNativeTarget;
			buildConfigurationList = BCEF66231D6151AB00B35037 /* Build configuration list for PBXNativeTarget "TestKitchenUITests" */;
			buildPhases = (
				BCEF66101D6151AB00B35037 /* Sources */,
				BCEF66111D6151AB00B35037 /* Frameworks */,
				BCEF66121D6151AB00B35037 /* Resources */,
			);
			buildRules = (
			);
			dependencies = (
				BCEF66161D6151AB00B35037 /* PBXTargetDependency */,
			);
			name = TestKitchenUITests;
			productName = TestKitchenUITests;
			productReference = BCEF66141D6151AB00B35037 /* TestKitchenUITests.xctest */;
			productType = "com.apple.product-type.bundle.ui-testing";
		};
/* End PBXNativeTarget section */

/* Begin PBXProject section */
		BCEF65ED1D6151AB00B35037 /* Project object */ = {
			isa = PBXProject;
			attributes = {
				LastSwiftUpdateCheck = 0730;
				LastUpgradeCheck = 0730;
				ORGANIZATIONNAME = qianfeng;
				TargetAttributes = {
					BCEF65F41D6151AB00B35037 = {
						CreatedOnToolsVersion = 7.3.1;
					};
					BCEF66081D6151AB00B35037 = {
						CreatedOnToolsVersion = 7.3.1;
						TestTargetID = BCEF65F41D6151AB00B35037;
					};
					BCEF66131D6151AB00B35037 = {
						CreatedOnToolsVersion = 7.3.1;
						TestTargetID = BCEF65F41D6151AB00B35037;
					};
				};
			};
			buildConfigurationList = BCEF65F01D6151AB00B35037 /* Build configuration list for PBXProject "TestKitchen" */;
			compatibilityVersion = "Xcode 3.2";
			developmentRegion = English;
			hasScannedForEncodings = 0;
			knownRegions = (
				en,
				Base,
			);
			mainGroup = BCEF65EC1D6151AB00B35037;
			productRefGroup = BCEF65F61D6151AB00B35037 /* Products */;
			projectDirPath = "";
			projectRoot = "";
			targets = (
				BCEF65F41D6151AB00B35037 /* TestKitchen */,
				BCEF66081D6151AB00B35037 /* TestKitchenTests */,
				BCEF66131D6151AB00B35037 /* TestKitchenUITests */,
			);
		};
/* End PBXProject section */

/* Begin PBXResourcesBuildPhase section */
		BCEF65F31D6151AB00B35037 /* Resources */ = {
			isa = PBXResourcesBuildPhase;
			buildActionMask = 2147483647;
			files = (
				BCBA83B91D702096001573EB /* 举报.png in Resources */,
				BC273C0B1D62B9AC008839EE /* saoyisao@2x.png in Resources */,
				BCEF66561D61554000B35037 /* AppIcon40x40@2x.png in Resources */,
				BC273BDF1D62A168008839EE /* home_select@2x.png in Resources */,
				BCCF32441D6AA60D009A9EB8 /* CBWorksCell.xib in Resources */,
				BC273BD91D62A168008839EE /* community_normal@2x.png in Resources */,
				BCADC0121D6417480086605C /* CBRecommendLikeCell.xib in Resources */,
				BCF80B111D669986001CA55B /* play-A@2x.png in Resources */,
				BC92EE1B1D6BDAB4003E6094 /* CBSubjectCell.xib in Resources */,
				BCEF66541D61554000B35037 /* AppIcon29x29@2x.png in Resources */,
				BC273BDA1D62A168008839EE /* community_normal@3x.png in Resources */,
				BC273BED1D62A168008839EE /* shop_normal@2x.png in Resources */,
				BC273C071D62B9AC008839EE /* nav_back_black.png in Resources */,
				BC273BDB1D62A168008839EE /* community_select@2x.png in Resources */,
				BC273BEC1D62A168008839EE /* shike_select@3x.png in Resources */,
				BC273BDC1D62A168008839EE /* community_select@3x.png in Resources */,
				BCEF66571D61554000B35037 /* AppIcon40x40@3x.png in Resources */,
				BC273C081D62B9AC008839EE /* nav_back_white.png in Resources */,
				BCBA83AE1D6FCF0C001573EB /* FCCourseCell.xib in Resources */,
				BCEF66031D6151AB00B35037 /* LaunchScreen.storyboard in Resources */,
				BC273BE91D62A168008839EE /* shike_normal@2x.png in Resources */,
				BC03BCED1D6EA03B00DFA302 /* FCVideoCell.xib in Resources */,
				BC273BE41D62A168008839EE /* mine_select@3x.png in Resources */,
				BC273BEE1D62A168008839EE /* shop_normal@3x.png in Resources */,
				BC273BE61D62A168008839EE /* report_normal@3x.png in Resources */,
				BC273BEB1D62A168008839EE /* shike_select@2x.png in Resources */,
				BC273BE51D62A168008839EE /* report_normal@2x.png in Resources */,
				BCCF32401D6A9769009A9EB8 /* CBTalentCell.xib in Resources */,
				BC273C0D1D62B9AC008839EE /* search@2x.png in Resources */,
				BC273BE81D62A168008839EE /* report_select@3x.png in Resources */,
				BCEF66001D6151AB00B35037 /* Assets.xcassets in Resources */,
				BCEF65FE1D6151AB00B35037 /* Main.storyboard in Resources */,
				BC273BF01D62A168008839EE /* shop_select@3x.png in Resources */,
				BC273C051D62B9AC008839EE /* LaunchImage-800-Landscape-736h@3x.png in Resources */,
				BC273C0A1D62B9AC008839EE /* navBtn_bag.png in Resources */,
				BC273C021D62B9AC008839EE /* LaunchImage-700-568h@2x.png in Resources */,
				BC273BE21D62A168008839EE /* mine_normal@3x.png in Resources */,
				BC273BE11D62A168008839EE /* mine_normal@2x.png in Resources */,
				BCEF66581D61554000B35037 /* AppIcon60x60@2x.png in Resources */,
				BCF80B121D669986001CA55B /* play-A@3x.png in Resources */,
				BC273C041D62B9AC008839EE /* LaunchImage-800-667h@2x.png in Resources */,
				BC273BEF1D62A168008839EE /* shop_select@2x.png in Resources */,
				BCBA83B51D6FF236001573EB /* push@3x.png in Resources */,
				BC273BEA1D62A168008839EE /* shike_normal@3x.png in Resources */,
				BC273C091D62B9AC008839EE /* navBar.png in Resources */,
				BC273BDE1D62A168008839EE /* home_normal@3x.png in Resources */,
				BC273BE01D62A168008839EE /* home_select@3x.png in Resources */,
				BC273C0C1D62B9AC008839EE /* saoyisao@3x.png in Resources */,
				BCADC00E1D640A2E0086605C /* sdefaultImage.png in Resources */,
				BC273C061D62B9AC008839EE /* LaunchImage-800-Portrait-736h@3x.png in Resources */,
				BC273BE31D62A168008839EE /* mine_select@2x.png in Resources */,
				BC273BDD1D62A168008839EE /* home_normal@2x.png in Resources */,
				BCEF66591D61554000B35037 /* AppIcon60x60@3x.png in Resources */,
				BCCF323C1D6A9057009A9EB8 /* CBSenceCell.xib in Resources */,
				BCF80B0C1D669437001CA55B /* CBRecommendNewCell.xib in Resources */,
				BCADC0091D63FF490086605C /* CBRecommendADCell.xib in Resources */,
				BCBA83B41D6FF236001573EB /* pull@3x.png in Resources */,
				BCF80B1A1D66B160001CA55B /* CBSpecialCell.xib in Resources */,
				BCEF666E1D61642000B35037 /* Ctrl.json in Resources */,
				BC273C031D62B9AC008839EE /* LaunchImage-700@2x.png in Resources */,
				BCBA83BD1D7020C7001573EB /* FCCommentCell.xib in Resources */,
				BCF80B161D66ADEF001CA55B /* more_icon.png in Resources */,
				BC273BE71D62A168008839EE /* report_select@2x.png in Resources */,
				BCEF66551D61554000B35037 /* AppIcon29x29@3x.png in Resources */,
				BC70617A1D65632500046459 /* CBRedPacketCell.xib in Resources */,
				BC273C0E1D62B9AC008839EE /* search@3x.png in Resources */,
			);
			runOnlyForDeploymentPostprocessing = 0;
		};
		BCEF66071D6151AB00B35037 /* Resources */ = {
			isa = PBXResourcesBuildPhase;
			buildActionMask = 2147483647;
			files = (
			);
			runOnlyForDeploymentPostprocessing = 0;
		};
		BCEF66121D6151AB00B35037 /* Resources */ = {
			isa = PBXResourcesBuildPhase;
			buildActionMask = 2147483647;
			files = (
			);
			runOnlyForDeploymentPostprocessing = 0;
		};
/* End PBXResourcesBuildPhase section */

/* Begin PBXShellScriptBuildPhase section */
		9FB08F7E3C06F295D17CC075 /* [CP] Copy Pods Resources */ = {
			isa = PBXShellScriptBuildPhase;
			buildActionMask = 2147483647;
			files = (
			);
			inputPaths = (
			);
			name = "[CP] Copy Pods Resources";
			outputPaths = (
			);
			runOnlyForDeploymentPostprocessing = 0;
			shellPath = /bin/sh;
			shellScript = "\"${SRCROOT}/Pods/Target Support Files/Pods-TestKitchen/Pods-TestKitchen-resources.sh\"\n";
			showEnvVarsInLog = 0;
		};
		A6AE453531458971F6E8B255 /* [CP] Check Pods Manifest.lock */ = {
			isa = PBXShellScriptBuildPhase;
			buildActionMask = 2147483647;
			files = (
			);
			inputPaths = (
			);
			name = "[CP] Check Pods Manifest.lock";
			outputPaths = (
			);
			runOnlyForDeploymentPostprocessing = 0;
			shellPath = /bin/sh;
			shellScript = "diff \"${PODS_ROOT}/../Podfile.lock\" \"${PODS_ROOT}/Manifest.lock\" > /dev/null\nif [[ $? != 0 ]] ; then\n    cat << EOM\nerror: The sandbox is not in sync with the Podfile.lock. Run 'pod install' or update your CocoaPods installation.\nEOM\n    exit 1\nfi\n";
			showEnvVarsInLog = 0;
		};
		AD8699DF703E7A81B8E420A7 /* [CP] Embed Pods Frameworks */ = {
			isa = PBXShellScriptBuildPhase;
			buildActionMask = 2147483647;
			files = (
			);
			inputPaths = (
			);
			name = "[CP] Embed Pods Frameworks";
			outputPaths = (
			);
			runOnlyForDeploymentPostprocessing = 0;
			shellPath = /bin/sh;
			shellScript = "\"${SRCROOT}/Pods/Target Support Files/Pods-TestKitchen/Pods-TestKitchen-frameworks.sh\"\n";
			showEnvVarsInLog = 0;
		};
/* End PBXShellScriptBuildPhase section */

/* Begin PBXSourcesBuildPhase section */
		BCEF65F11D6151AB00B35037 /* Sources */ = {
			isa = PBXSourcesBuildPhase;
			buildActionMask = 2147483647;
			files = (
				BCBA83B01D6FDB04001573EB /* FCSerialCell.swift in Sources */,
				BCEF65FB1D6151AB00B35037 /* ViewController.swift in Sources */,
				BC03BCE71D6E8A8400DFA302 /* FoodCourseViewController.swift in Sources */,
				BC92EE211D6BEA3C003E6094 /* CBMaterialModel.swift in Sources */,
				BCF80B0B1D669437001CA55B /* CBRecommendNewCell.swift in Sources */,
				BCEF66621D615AB900B35037 /* BaseViewController.swift in Sources */,
				BCBA83AD1D6FCF0C001573EB /* FCCourseCell.swift in Sources */,
				BCBA83B71D701973001573EB /* FCComment.swift in Sources */,
				BC7061761D655ADF00046459 /* CBSearchHeaderView.swift in Sources */,
				BCEF66661D615B2E00B35037 /* CommunityViewController.swift in Sources */,
				BCEF66641D615B0400B35037 /* CookBookViewController.swift in Sources */,
				BCADC0111D6417480086605C /* CBRecommendLikeCell.swift in Sources */,
				BCF80B191D66B160001CA55B /* CBSpecialCell.swift in Sources */,
				BCEF66681D615B6500B35037 /* MallViewController.swift in Sources */,
				BCEF66741D61751800B35037 /* UIButton+Util.swift in Sources */,
				BC7061791D65632500046459 /* CBRedPacketCell.swift in Sources */,
				BCCF323B1D6A9057009A9EB8 /* CBSenceCell.swift in Sources */,
				BC7061741D654B9B00046459 /* Util.swift in Sources */,
				BCEF666A1D615BA000B35037 /* FoodClassViewController.swift in Sources */,
				BC03BCEC1D6EA03B00DFA302 /* FCVideoCell.swift in Sources */,
				BC92EE1A1D6BDAB4003E6094 /* CBSubjectCell.swift in Sources */,
				BCCA1CA11D6D3B000031F7C1 /* CBMaterialCell.swift in Sources */,
				BCEF66701D61730F00B35037 /* UIView+Util.swift in Sources */,
				BCCF32431D6AA60D009A9EB8 /* CBWorksCell.swift in Sources */,
				BCBA83BF1D702E2D001573EB /* KTCHomeViewController.swift in Sources */,
				BCEF666C1D615BBD00B35037 /* ProfileViewController.swift in Sources */,
				BCEF65F91D6151AB00B35037 /* AppDelegate.swift in Sources */,
				BCBA83BC1D7020C7001573EB /* FCCommentCell.swift in Sources */,
				BCADC0051D63FBA20086605C /* CBRecommendView.swift in Sources */,
				BCEF66601D615A7F00B35037 /* MainTabBarController.swift in Sources */,
				BC92EE231D6BF6F7003E6094 /* CBMaterialView.swift in Sources */,
				BCCF323F1D6A9769009A9EB8 /* CBTalentCell.swift in Sources */,
				BCADC00B1D6407F90086605C /* UIImageView+Util.swift in Sources */,
				BC92EE251D6BFC51003E6094 /* KTCSegmentCtrl.swift in Sources */,
				BC273C101D62BD88008839EE /* KTCDownloader.swift in Sources */,
				BCEF66721D6173C500B35037 /* UILabel+Util.swift in Sources */,
				BCADC0081D63FF490086605C /* CBRecommendADCell.swift in Sources */,
				BC03BCE91D6E95E400DFA302 /* FoodCourseModel.swift in Sources */,
				BC273BF21D62A855008839EE /* Const.swift in Sources */,
				BCF80B141D66AB02001CA55B /* CBHeaderView.swift in Sources */,
				BC273C161D62C670008839EE /* CBRecommendModel.swift in Sources */,
			);
			runOnlyForDeploymentPostprocessing = 0;
		};
		BCEF66051D6151AB00B35037 /* Sources */ = {
			isa = PBXSourcesBuildPhase;
			buildActionMask = 2147483647;
			files = (
				BCEF660E1D6151AB00B35037 /* TestKitchenTests.swift in Sources */,
			);
			runOnlyForDeploymentPostprocessing = 0;
		};
		BCEF66101D6151AB00B35037 /* Sources */ = {
			isa = PBXSourcesBuildPhase;
			buildActionMask = 2147483647;
			files = (
				BCEF66191D6151AB00B35037 /* TestKitchenUITests.swift in Sources */,
			);
			runOnlyForDeploymentPostprocessing = 0;
		};
/* End PBXSourcesBuildPhase section */

/* Begin PBXTargetDependency section */
		BCEF660B1D6151AB00B35037 /* PBXTargetDependency */ = {
			isa = PBXTargetDependency;
			target = BCEF65F41D6151AB00B35037 /* TestKitchen */;
			targetProxy = BCEF660A1D6151AB00B35037 /* PBXContainerItemProxy */;
		};
		BCEF66161D6151AB00B35037 /* PBXTargetDependency */ = {
			isa = PBXTargetDependency;
			target = BCEF65F41D6151AB00B35037 /* TestKitchen */;
			targetProxy = BCEF66151D6151AB00B35037 /* PBXContainerItemProxy */;
		};
/* End PBXTargetDependency section */

/* Begin PBXVariantGroup section */
		BCEF65FC1D6151AB00B35037 /* Main.storyboard */ = {
			isa = PBXVariantGroup;
			children = (
				BCEF65FD1D6151AB00B35037 /* Base */,
			);
			name = Main.storyboard;
			sourceTree = "<group>";
		};
		BCEF66011D6151AB00B35037 /* LaunchScreen.storyboard */ = {
			isa = PBXVariantGroup;
			children = (
				BCEF66021D6151AB00B35037 /* Base */,
			);
			name = LaunchScreen.storyboard;
			sourceTree = "<group>";
		};
/* End PBXVariantGroup section */

/* Begin XCBuildConfiguration section */
		BCEF661B1D6151AB00B35037 /* Debug */ = {
			isa = XCBuildConfiguration;
			buildSettings = {
				ALWAYS_SEARCH_USER_PATHS = NO;
				CLANG_ANALYZER_NONNULL = YES;
				CLANG_CXX_LANGUAGE_STANDARD = "gnu++0x";
				CLANG_CXX_LIBRARY = "libc++";
				CLANG_ENABLE_MODULES = YES;
				CLANG_ENABLE_OBJC_ARC = YES;
				CLANG_WARN_BOOL_CONVERSION = YES;
				CLANG_WARN_CONSTANT_CONVERSION = YES;
				CLANG_WARN_DIRECT_OBJC_ISA_USAGE = YES_ERROR;
				CLANG_WARN_EMPTY_BODY = YES;
				CLANG_WARN_ENUM_CONVERSION = YES;
				CLANG_WARN_INT_CONVERSION = YES;
				CLANG_WARN_OBJC_ROOT_CLASS = YES_ERROR;
				CLANG_WARN_UNREACHABLE_CODE = YES;
				CLANG_WARN__DUPLICATE_METHOD_MATCH = YES;
				"CODE_SIGN_IDENTITY[sdk=iphoneos*]" = "iPhone Developer";
				COPY_PHASE_STRIP = NO;
				DEBUG_INFORMATION_FORMAT = dwarf;
				ENABLE_STRICT_OBJC_MSGSEND = YES;
				ENABLE_TESTABILITY = YES;
				GCC_C_LANGUAGE_STANDARD = gnu99;
				GCC_DYNAMIC_NO_PIC = NO;
				GCC_NO_COMMON_BLOCKS = YES;
				GCC_OPTIMIZATION_LEVEL = 0;
				GCC_PREPROCESSOR_DEFINITIONS = (
					"DEBUG=1",
					"$(inherited)",
				);
				GCC_WARN_64_TO_32_BIT_CONVERSION = YES;
				GCC_WARN_ABOUT_RETURN_TYPE = YES_ERROR;
				GCC_WARN_UNDECLARED_SELECTOR = YES;
				GCC_WARN_UNINITIALIZED_AUTOS = YES_AGGRESSIVE;
				GCC_WARN_UNUSED_FUNCTION = YES;
				GCC_WARN_UNUSED_VARIABLE = YES;
				IPHONEOS_DEPLOYMENT_TARGET = 9.3;
				MTL_ENABLE_DEBUG_INFO = YES;
				ONLY_ACTIVE_ARCH = YES;
				SDKROOT = iphoneos;
				SWIFT_OPTIMIZATION_LEVEL = "-Onone";
			};
			name = Debug;
		};
		BCEF661C1D6151AB00B35037 /* Release */ = {
			isa = XCBuildConfiguration;
			buildSettings = {
				ALWAYS_SEARCH_USER_PATHS = NO;
				CLANG_ANALYZER_NONNULL = YES;
				CLANG_CXX_LANGUAGE_STANDARD = "gnu++0x";
				CLANG_CXX_LIBRARY = "libc++";
				CLANG_ENABLE_MODULES = YES;
				CLANG_ENABLE_OBJC_ARC = YES;
				CLANG_WARN_BOOL_CONVERSION = YES;
				CLANG_WARN_CONSTANT_CONVERSION = YES;
				CLANG_WARN_DIRECT_OBJC_ISA_USAGE = YES_ERROR;
				CLANG_WARN_EMPTY_BODY = YES;
				CLANG_WARN_ENUM_CONVERSION = YES;
				CLANG_WARN_INT_CONVERSION = YES;
				CLANG_WARN_OBJC_ROOT_CLASS = YES_ERROR;
				CLANG_WARN_UNREACHABLE_CODE = YES;
				CLANG_WARN__DUPLICATE_METHOD_MATCH = YES;
				"CODE_SIGN_IDENTITY[sdk=iphoneos*]" = "iPhone Developer";
				COPY_PHASE_STRIP = NO;
				DEBUG_INFORMATION_FORMAT = "dwarf-with-dsym";
				ENABLE_NS_ASSERTIONS = NO;
				ENABLE_STRICT_OBJC_MSGSEND = YES;
				GCC_C_LANGUAGE_STANDARD = gnu99;
				GCC_NO_COMMON_BLOCKS = YES;
				GCC_WARN_64_TO_32_BIT_CONVERSION = YES;
				GCC_WARN_ABOUT_RETURN_TYPE = YES_ERROR;
				GCC_WARN_UNDECLARED_SELECTOR = YES;
				GCC_WARN_UNINITIALIZED_AUTOS = YES_AGGRESSIVE;
				GCC_WARN_UNUSED_FUNCTION = YES;
				GCC_WARN_UNUSED_VARIABLE = YES;
				IPHONEOS_DEPLOYMENT_TARGET = 9.3;
				MTL_ENABLE_DEBUG_INFO = NO;
				SDKROOT = iphoneos;
				VALIDATE_PRODUCT = YES;
			};
			name = Release;
		};
		BCEF661E1D6151AB00B35037 /* Debug */ = {
			isa = XCBuildConfiguration;
			baseConfigurationReference = C429922F5A4899EE648E6379 /* Pods-TestKitchen.debug.xcconfig */;
			buildSettings = {
				ASSETCATALOG_COMPILER_APPICON_NAME = AppIcon;
				ASSETCATALOG_COMPILER_LAUNCHIMAGE_NAME = LaunchImage;
				INFOPLIST_FILE = TestKitchen/Info.plist;
				IPHONEOS_DEPLOYMENT_TARGET = 9.0;
				LD_RUNPATH_SEARCH_PATHS = "$(inherited) @executable_path/Frameworks";
				PRODUCT_BUNDLE_IDENTIFIER = com.1606.TestKitchen;
				PRODUCT_NAME = "$(TARGET_NAME)";
			};
			name = Debug;
		};
		BCEF661F1D6151AB00B35037 /* Release */ = {
			isa = XCBuildConfiguration;
			baseConfigurationReference = 63E26E2A3D8AE05CEF857A8E /* Pods-TestKitchen.release.xcconfig */;
			buildSettings = {
				ASSETCATALOG_COMPILER_APPICON_NAME = AppIcon;
				ASSETCATALOG_COMPILER_LAUNCHIMAGE_NAME = LaunchImage;
				INFOPLIST_FILE = TestKitchen/Info.plist;
				IPHONEOS_DEPLOYMENT_TARGET = 9.0;
				LD_RUNPATH_SEARCH_PATHS = "$(inherited) @executable_path/Frameworks";
				PRODUCT_BUNDLE_IDENTIFIER = com.1606.TestKitchen;
				PRODUCT_NAME = "$(TARGET_NAME)";
			};
			name = Release;
		};
		BCEF66211D6151AB00B35037 /* Debug */ = {
			isa = XCBuildConfiguration;
			buildSettings = {
				BUNDLE_LOADER = "$(TEST_HOST)";
				INFOPLIST_FILE = TestKitchenTests/Info.plist;
				LD_RUNPATH_SEARCH_PATHS = "$(inherited) @executable_path/Frameworks @loader_path/Frameworks";
				PRODUCT_BUNDLE_IDENTIFIER = com.1606.TestKitchenTests;
				PRODUCT_NAME = "$(TARGET_NAME)";
				TEST_HOST = "$(BUILT_PRODUCTS_DIR)/TestKitchen.app/TestKitchen";
			};
			name = Debug;
		};
		BCEF66221D6151AB00B35037 /* Release */ = {
			isa = XCBuildConfiguration;
			buildSettings = {
				BUNDLE_LOADER = "$(TEST_HOST)";
				INFOPLIST_FILE = TestKitchenTests/Info.plist;
				LD_RUNPATH_SEARCH_PATHS = "$(inherited) @executable_path/Frameworks @loader_path/Frameworks";
				PRODUCT_BUNDLE_IDENTIFIER = com.1606.TestKitchenTests;
				PRODUCT_NAME = "$(TARGET_NAME)";
				TEST_HOST = "$(BUILT_PRODUCTS_DIR)/TestKitchen.app/TestKitchen";
			};
			name = Release;
		};
		BCEF66241D6151AB00B35037 /* Debug */ = {
			isa = XCBuildConfiguration;
			buildSettings = {
				INFOPLIST_FILE = TestKitchenUITests/Info.plist;
				LD_RUNPATH_SEARCH_PATHS = "$(inherited) @executable_path/Frameworks @loader_path/Frameworks";
				PRODUCT_BUNDLE_IDENTIFIER = com.1606.TestKitchenUITests;
				PRODUCT_NAME = "$(TARGET_NAME)";
				TEST_TARGET_NAME = TestKitchen;
			};
			name = Debug;
		};
		BCEF66251D6151AB00B35037 /* Release */ = {
			isa = XCBuildConfiguration;
			buildSettings = {
				INFOPLIST_FILE = TestKitchenUITests/Info.plist;
				LD_RUNPATH_SEARCH_PATHS = "$(inherited) @executable_path/Frameworks @loader_path/Frameworks";
				PRODUCT_BUNDLE_IDENTIFIER = com.1606.TestKitchenUITests;
				PRODUCT_NAME = "$(TARGET_NAME)";
				TEST_TARGET_NAME = TestKitchen;
			};
			name = Release;
		};
/* End XCBuildConfiguration section */

/* Begin XCConfigurationList section */
		BCEF65F01D6151AB00B35037 /* Build configuration list for PBXProject "TestKitchen" */ = {
			isa = XCConfigurationList;
			buildConfigurations = (
				BCEF661B1D6151AB00B35037 /* Debug */,
				BCEF661C1D6151AB00B35037 /* Release */,
			);
			defaultConfigurationIsVisible = 0;
			defaultConfigurationName = Release;
		};
		BCEF661D1D6151AB00B35037 /* Build configuration list for PBXNativeTarget "TestKitchen" */ = {
			isa = XCConfigurationList;
			buildConfigurations = (
				BCEF661E1D6151AB00B35037 /* Debug */,
				BCEF661F1D6151AB00B35037 /* Release */,
			);
			defaultConfigurationIsVisible = 0;
			defaultConfigurationName = Release;
		};
		BCEF66201D6151AB00B35037 /* Build configuration list for PBXNativeTarget "TestKitchenTests" */ = {
			isa = XCConfigurationList;
			buildConfigurations = (
				BCEF66211D6151AB00B35037 /* Debug */,
				BCEF66221D6151AB00B35037 /* Release */,
			);
			defaultConfigurationIsVisible = 0;
			defaultConfigurationName = Release;
		};
		BCEF66231D6151AB00B35037 /* Build configuration list for PBXNativeTarget "TestKitchenUITests" */ = {
			isa = XCConfigurationList;
			buildConfigurations = (
				BCEF66241D6151AB00B35037 /* Debug */,
				BCEF66251D6151AB00B35037 /* Release */,
			);
			defaultConfigurationIsVisible = 0;
			defaultConfigurationName = Release;
		};
/* End XCConfigurationList section */
	};
	rootObject = BCEF65ED1D6151AB00B35037 /* Project object */;
}
